// !$*UTF8*$!
{
	archiveVersion = 1;
	classes = {
	};
	objectVersion = 46;
	objects = {

/* Begin PBXBuildFile section */
		7788B2F419DA4797008AFA62 /* Foundation.framework in Frameworks */ = {isa = PBXBuildFile; fileRef = 7788B2F319DA4797008AFA62 /* Foundation.framework */; };
		7788B2F619DA4797008AFA62 /* CoreGraphics.framework in Frameworks */ = {isa = PBXBuildFile; fileRef = 7788B2F519DA4797008AFA62 /* CoreGraphics.framework */; };
		7788B2F819DA4797008AFA62 /* UIKit.framework in Frameworks */ = {isa = PBXBuildFile; fileRef = 7788B2F719DA4797008AFA62 /* UIKit.framework */; };
		7788B2FE19DA4797008AFA62 /* InfoPlist.strings in Resources */ = {isa = PBXBuildFile; fileRef = 7788B2FC19DA4797008AFA62 /* InfoPlist.strings */; };
		7788B30019DA4797008AFA62 /* main.m in Sources */ = {isa = PBXBuildFile; fileRef = 7788B2FF19DA4797008AFA62 /* main.m */; };
		7788B30419DA4797008AFA62 /* AppDelegate.m in Sources */ = {isa = PBXBuildFile; fileRef = 7788B30319DA4797008AFA62 /* AppDelegate.m */; };
		7788B30719DA4797008AFA62 /* Main_iPhone.storyboard in Resources */ = {isa = PBXBuildFile; fileRef = 7788B30519DA4797008AFA62 /* Main_iPhone.storyboard */; };
		7788B30A19DA4797008AFA62 /* Main_iPad.storyboard in Resources */ = {isa = PBXBuildFile; fileRef = 7788B30819DA4797008AFA62 /* Main_iPad.storyboard */; };
		7788B30D19DA4797008AFA62 /* ViewController.m in Sources */ = {isa = PBXBuildFile; fileRef = 7788B30C19DA4797008AFA62 /* ViewController.m */; };
		7788B30F19DA4797008AFA62 /* Images.xcassets in Resources */ = {isa = PBXBuildFile; fileRef = 7788B30E19DA4797008AFA62 /* Images.xcassets */; };
		7788B31619DA4797008AFA62 /* XCTest.framework in Frameworks */ = {isa = PBXBuildFile; fileRef = 7788B31519DA4797008AFA62 /* XCTest.framework */; };
		7788B31719DA4797008AFA62 /* Foundation.framework in Frameworks */ = {isa = PBXBuildFile; fileRef = 7788B2F319DA4797008AFA62 /* Foundation.framework */; };
		7788B31819DA4797008AFA62 /* UIKit.framework in Frameworks */ = {isa = PBXBuildFile; fileRef = 7788B2F719DA4797008AFA62 /* UIKit.framework */; };
		7788B32019DA4797008AFA62 /* InfoPlist.strings in Resources */ = {isa = PBXBuildFile; fileRef = 7788B31E19DA4797008AFA62 /* InfoPlist.strings */; };
		7788B32219DA4797008AFA62 /* MalltipTests.m in Sources */ = {isa = PBXBuildFile; fileRef = 7788B32119DA4797008AFA62 /* MalltipTests.m */; };
		7788B33719DA4ABE008AFA62 /* logo.png in Resources */ = {isa = PBXBuildFile; fileRef = 7788B33619DA4ABE008AFA62 /* logo.png */; };
		7788B33F19DA9242008AFA62 /* favorites.png in Resources */ = {isa = PBXBuildFile; fileRef = 7788B33B19DA9242008AFA62 /* favorites.png */; };
		7788B34019DA9242008AFA62 /* mallmap.png in Resources */ = {isa = PBXBuildFile; fileRef = 7788B33C19DA9242008AFA62 /* mallmap.png */; };
		7788B34119DA9242008AFA62 /* store.png in Resources */ = {isa = PBXBuildFile; fileRef = 7788B33D19DA9242008AFA62 /* store.png */; };
		7788B34219DA9242008AFA62 /* tips.png in Resources */ = {isa = PBXBuildFile; fileRef = 7788B33E19DA9242008AFA62 /* tips.png */; };
/* End PBXBuildFile section */

/* Begin PBXContainerItemProxy section */
		7788B31919DA4797008AFA62 /* PBXContainerItemProxy */ = {
			isa = PBXContainerItemProxy;
			containerPortal = 7788B2E819DA4797008AFA62 /* Project object */;
			proxyType = 1;
			remoteGlobalIDString = 7788B2EF19DA4797008AFA62;
			remoteInfo = Malltip;
		};
/* End PBXContainerItemProxy section */

/* Begin PBXFileReference section */
		7788B2F019DA4797008AFA62 /* Malltip.app */ = {isa = PBXFileReference; explicitFileType = wrapper.application; includeInIndex = 0; path = Malltip.app; sourceTree = BUILT_PRODUCTS_DIR; };
		7788B2F319DA4797008AFA62 /* Foundation.framework */ = {isa = PBXFileReference; lastKnownFileType = wrapper.framework; name = Foundation.framework; path = System/Library/Frameworks/Foundation.framework; sourceTree = SDKROOT; };
		7788B2F519DA4797008AFA62 /* CoreGraphics.framework */ = {isa = PBXFileReference; lastKnownFileType = wrapper.framework; name = CoreGraphics.framework; path = System/Library/Frameworks/CoreGraphics.framework; sourceTree = SDKROOT; };
		7788B2F719DA4797008AFA62 /* UIKit.framework */ = {isa = PBXFileReference; lastKnownFileType = wrapper.framework; name = UIKit.framework; path = System/Library/Frameworks/UIKit.framework; sourceTree = SDKROOT; };
		7788B2FB19DA4797008AFA62 /* Malltip-Info.plist */ = {isa = PBXFileReference; lastKnownFileType = text.plist.xml; path = "Malltip-Info.plist"; sourceTree = "<group>"; };
		7788B2FD19DA4797008AFA62 /* en */ = {isa = PBXFileReference; lastKnownFileType = text.plist.strings; name = en; path = en.lproj/InfoPlist.strings; sourceTree = "<group>"; };
		7788B2FF19DA4797008AFA62 /* main.m */ = {isa = PBXFileReference; lastKnownFileType = sourcecode.c.objc; path = main.m; sourceTree = "<group>"; };
		7788B30119DA4797008AFA62 /* Malltip-Prefix.pch */ = {isa = PBXFileReference; lastKnownFileType = sourcecode.c.h; path = "Malltip-Prefix.pch"; sourceTree = "<group>"; };
		7788B30219DA4797008AFA62 /* AppDelegate.h */ = {isa = PBXFileReference; lastKnownFileType = sourcecode.c.h; path = AppDelegate.h; sourceTree = "<group>"; };
		7788B30319DA4797008AFA62 /* AppDelegate.m */ = {isa = PBXFileReference; lastKnownFileType = sourcecode.c.objc; path = AppDelegate.m; sourceTree = "<group>"; };
		7788B30619DA4797008AFA62 /* Base */ = {isa = PBXFileReference; lastKnownFileType = file.storyboard; name = Base; path = Base.lproj/Main_iPhone.storyboard; sourceTree = "<group>"; };
		7788B30919DA4797008AFA62 /* Base */ = {isa = PBXFileReference; lastKnownFileType = file.storyboard; name = Base; path = Base.lproj/Main_iPad.storyboard; sourceTree = "<group>"; };
		7788B30B19DA4797008AFA62 /* ViewController.h */ = {isa = PBXFileReference; lastKnownFileType = sourcecode.c.h; path = ViewController.h; sourceTree = "<group>"; };
		7788B30C19DA4797008AFA62 /* ViewController.m */ = {isa = PBXFileReference; lastKnownFileType = sourcecode.c.objc; path = ViewController.m; sourceTree = "<group>"; };
		7788B30E19DA4797008AFA62 /* Images.xcassets */ = {isa = PBXFileReference; lastKnownFileType = folder.assetcatalog; path = Images.xcassets; sourceTree = "<group>"; };
		7788B31419DA4797008AFA62 /* MalltipTests.xctest */ = {isa = PBXFileReference; explicitFileType = wrapper.cfbundle; includeInIndex = 0; path = MalltipTests.xctest; sourceTree = BUILT_PRODUCTS_DIR; };
		7788B31519DA4797008AFA62 /* XCTest.framework */ = {isa = PBXFileReference; lastKnownFileType = wrapper.framework; name = XCTest.framework; path = Library/Frameworks/XCTest.framework; sourceTree = DEVELOPER_DIR; };
		7788B31D19DA4797008AFA62 /* MalltipTests-Info.plist */ = {isa = PBXFileReference; lastKnownFileType = text.plist.xml; path = "MalltipTests-Info.plist"; sourceTree = "<group>"; };
		7788B31F19DA4797008AFA62 /* en */ = {isa = PBXFileReference; lastKnownFileType = text.plist.strings; name = en; path = en.lproj/InfoPlist.strings; sourceTree = "<group>"; };
		7788B32119DA4797008AFA62 /* MalltipTests.m */ = {isa = PBXFileReference; lastKnownFileType = sourcecode.c.objc; path = MalltipTests.m; sourceTree = "<group>"; };
		7788B33619DA4ABE008AFA62 /* logo.png */ = {isa = PBXFileReference; lastKnownFileType = image.png; path = logo.png; sourceTree = "<group>"; };
		7788B33B19DA9242008AFA62 /* favorites.png */ = {isa = PBXFileReference; lastKnownFileType = image.png; name = favorites.png; path = "../../../../practice-images/favorites.png"; sourceTree = "<group>"; };
		7788B33C19DA9242008AFA62 /* mallmap.png */ = {isa = PBXFileReference; lastKnownFileType = image.png; name = mallmap.png; path = "../../../../practice-images/mallmap.png"; sourceTree = "<group>"; };
		7788B33D19DA9242008AFA62 /* store.png */ = {isa = PBXFileReference; lastKnownFileType = image.png; name = store.png; path = "../../../../practice-images/store.png"; sourceTree = "<group>"; };
		7788B33E19DA9242008AFA62 /* tips.png */ = {isa = PBXFileReference; lastKnownFileType = image.png; name = tips.png; path = "../../../../practice-images/tips.png"; sourceTree = "<group>"; };
/* End PBXFileReference section */

/* Begin PBXFrameworksBuildPhase section */
		7788B2ED19DA4797008AFA62 /* Frameworks */ = {
			isa = PBXFrameworksBuildPhase;
			buildActionMask = 2147483647;
			files = (
				7788B2F619DA4797008AFA62 /* CoreGraphics.framework in Frameworks */,
				7788B2F819DA4797008AFA62 /* UIKit.framework in Frameworks */,
				7788B2F419DA4797008AFA62 /* Foundation.framework in Frameworks */,
			);
			runOnlyForDeploymentPostprocessing = 0;
		};
		7788B31119DA4797008AFA62 /* Frameworks */ = {
			isa = PBXFrameworksBuildPhase;
			buildActionMask = 2147483647;
			files = (
				7788B31619DA4797008AFA62 /* XCTest.framework in Frameworks */,
				7788B31819DA4797008AFA62 /* UIKit.framework in Frameworks */,
				7788B31719DA4797008AFA62 /* Foundation.framework in Frameworks */,
			);
			runOnlyForDeploymentPostprocessing = 0;
		};
/* End PBXFrameworksBuildPhase section */

/* Begin PBXGroup section */
		7788B2E719DA4797008AFA62 = {
			isa = PBXGroup;
			children = (
				7788B2F919DA4797008AFA62 /* Malltip */,
				7788B31B19DA4797008AFA62 /* MalltipTests */,
				7788B2F219DA4797008AFA62 /* Frameworks */,
				7788B2F119DA4797008AFA62 /* Products */,
			);
			sourceTree = "<group>";
		};
		7788B2F119DA4797008AFA62 /* Products */ = {
			isa = PBXGroup;
			children = (
				7788B2F019DA4797008AFA62 /* Malltip.app */,
				7788B31419DA4797008AFA62 /* MalltipTests.xctest */,
			);
			name = Products;
			sourceTree = "<group>";
		};
		7788B2F219DA4797008AFA62 /* Frameworks */ = {
			isa = PBXGroup;
			children = (
				7788B2F319DA4797008AFA62 /* Foundation.framework */,
				7788B2F519DA4797008AFA62 /* CoreGraphics.framework */,
				7788B2F719DA4797008AFA62 /* UIKit.framework */,
				7788B31519DA4797008AFA62 /* XCTest.framework */,
			);
			name = Frameworks;
			sourceTree = "<group>";
		};
		7788B2F919DA4797008AFA62 /* Malltip */ = {
			isa = PBXGroup;
			children = (
				7788B33219DA49C0008AFA62 /* Helpers */,
				7788B33119DA49B8008AFA62 /* Vendors */,
				7788B33019DA499A008AFA62 /* Resources */,
				7788B32F19DA498D008AFA62 /* Network */,
				7788B32E19DA4984008AFA62 /* Models */,
				7788B32D19DA4976008AFA62 /* Views */,
				7788B32C19DA496B008AFA62 /* Controller */,
				7788B32B19DA495B008AFA62 /* Configs */,
				7788B30219DA4797008AFA62 /* AppDelegate.h */,
				7788B30319DA4797008AFA62 /* AppDelegate.m */,
				7788B30519DA4797008AFA62 /* Main_iPhone.storyboard */,
				7788B30819DA4797008AFA62 /* Main_iPad.storyboard */,
				7788B30B19DA4797008AFA62 /* ViewController.h */,
				7788B30C19DA4797008AFA62 /* ViewController.m */,
				7788B30E19DA4797008AFA62 /* Images.xcassets */,
				7788B2FA19DA4797008AFA62 /* Supporting Files */,
			);
			path = Malltip;
			sourceTree = "<group>";
		};
		7788B2FA19DA4797008AFA62 /* Supporting Files */ = {
			isa = PBXGroup;
			children = (
				7788B2FB19DA4797008AFA62 /* Malltip-Info.plist */,
				7788B2FC19DA4797008AFA62 /* InfoPlist.strings */,
				7788B2FF19DA4797008AFA62 /* main.m */,
				7788B30119DA4797008AFA62 /* Malltip-Prefix.pch */,
			);
			name = "Supporting Files";
			sourceTree = "<group>";
		};
		7788B31B19DA4797008AFA62 /* MalltipTests */ = {
			isa = PBXGroup;
			children = (
				7788B32119DA4797008AFA62 /* MalltipTests.m */,
				7788B31C19DA4797008AFA62 /* Supporting Files */,
			);
			path = MalltipTests;
			sourceTree = "<group>";
		};
		7788B31C19DA4797008AFA62 /* Supporting Files */ = {
			isa = PBXGroup;
			children = (
				7788B31D19DA4797008AFA62 /* MalltipTests-Info.plist */,
				7788B31E19DA4797008AFA62 /* InfoPlist.strings */,
			);
			name = "Supporting Files";
			sourceTree = "<group>";
		};
		7788B32B19DA495B008AFA62 /* Configs */ = {
			isa = PBXGroup;
			children = (
			);
			name = Configs;
			sourceTree = "<group>";
		};
		7788B32C19DA496B008AFA62 /* Controller */ = {
			isa = PBXGroup;
			children = (
			);
			name = Controller;
			sourceTree = "<group>";
		};
		7788B32D19DA4976008AFA62 /* Views */ = {
			isa = PBXGroup;
			children = (
			);
			name = Views;
			sourceTree = "<group>";
		};
		7788B32E19DA4984008AFA62 /* Models */ = {
			isa = PBXGroup;
			children = (
			);
			name = Models;
			sourceTree = "<group>";
		};
		7788B32F19DA498D008AFA62 /* Network */ = {
			isa = PBXGroup;
			children = (
			);
			name = Network;
			sourceTree = "<group>";
		};
		7788B33019DA499A008AFA62 /* Resources */ = {
			isa = PBXGroup;
			children = (
				7788B33519DA49EB008AFA62 /* Sounds */,
				7788B33419DA49E5008AFA62 /* Fonts */,
				7788B33319DA49DE008AFA62 /* Images */,
			);
			name = Resources;
			sourceTree = "<group>";
		};
		7788B33119DA49B8008AFA62 /* Vendors */ = {
			isa = PBXGroup;
			children = (
			);
			name = Vendors;
			sourceTree = "<group>";
		};
		7788B33219DA49C0008AFA62 /* Helpers */ = {
			isa = PBXGroup;
			children = (
			);
			name = Helpers;
			sourceTree = "<group>";
		};
		7788B33319DA49DE008AFA62 /* Images */ = {
			isa = PBXGroup;
			children = (
				7788B33B19DA9242008AFA62 /* favorites.png */,
				7788B33C19DA9242008AFA62 /* mallmap.png */,
				7788B33D19DA9242008AFA62 /* store.png */,
				7788B33E19DA9242008AFA62 /* tips.png */,
				7788B33619DA4ABE008AFA62 /* logo.png */,
			);
			name = Images;
			sourceTree = "<group>";
		};
		7788B33419DA49E5008AFA62 /* Fonts */ = {
			isa = PBXGroup;
			children = (
			);
			name = Fonts;
			sourceTree = "<group>";
		};
		7788B33519DA49EB008AFA62 /* Sounds */ = {
			isa = PBXGroup;
			children = (
			);
			name = Sounds;
			sourceTree = "<group>";
		};
/* End PBXGroup section */

/* Begin PBXNativeTarget section */
		7788B2EF19DA4797008AFA62 /* Malltip */ = {
			isa = PBXNativeTarget;
			buildConfigurationList = 7788B32519DA4797008AFA62 /* Build configuration list for PBXNativeTarget "Malltip" */;
			buildPhases = (
				7788B2EC19DA4797008AFA62 /* Sources */,
				7788B2ED19DA4797008AFA62 /* Frameworks */,
				7788B2EE19DA4797008AFA62 /* Resources */,
			);
			buildRules = (
			);
			dependencies = (
			);
			name = Malltip;
			productName = Malltip;
			productReference = 7788B2F019DA4797008AFA62 /* Malltip.app */;
			productType = "com.apple.product-type.application";
		};
		7788B31319DA4797008AFA62 /* MalltipTests */ = {
			isa = PBXNativeTarget;
			buildConfigurationList = 7788B32819DA4797008AFA62 /* Build configuration list for PBXNativeTarget "MalltipTests" */;
			buildPhases = (
				7788B31019DA4797008AFA62 /* Sources */,
				7788B31119DA4797008AFA62 /* Frameworks */,
				7788B31219DA4797008AFA62 /* Resources */,
			);
			buildRules = (
			);
			dependencies = (
				7788B31A19DA4797008AFA62 /* PBXTargetDependency */,
			);
			name = MalltipTests;
			productName = MalltipTests;
			productReference = 7788B31419DA4797008AFA62 /* MalltipTests.xctest */;
			productType = "com.apple.product-type.bundle.unit-test";
		};
/* End PBXNativeTarget section */

/* Begin PBXProject section */
		7788B2E819DA4797008AFA62 /* Project object */ = {
			isa = PBXProject;
			attributes = {
				LastUpgradeCheck = 0510;
				ORGANIZATIONNAME = "___Test___";
				TargetAttributes = {
					7788B31319DA4797008AFA62 = {
						TestTargetID = 7788B2EF19DA4797008AFA62;
					};
				};
			};
			buildConfigurationList = 7788B2EB19DA4797008AFA62 /* Build configuration list for PBXProject "Malltip" */;
			compatibilityVersion = "Xcode 3.2";
			developmentRegion = English;
			hasScannedForEncodings = 0;
			knownRegions = (
				en,
				Base,
			);
			mainGroup = 7788B2E719DA4797008AFA62;
			productRefGroup = 7788B2F119DA4797008AFA62 /* Products */;
			projectDirPath = "";
			projectRoot = "";
			targets = (
				7788B2EF19DA4797008AFA62 /* Malltip */,
				7788B31319DA4797008AFA62 /* MalltipTests */,
			);
		};
/* End PBXProject section */

/* Begin PBXResourcesBuildPhase section */
		7788B2EE19DA4797008AFA62 /* Resources */ = {
			isa = PBXResourcesBuildPhase;
			buildActionMask = 2147483647;
			files = (
				7788B30A19DA4797008AFA62 /* Main_iPad.storyboard in Resources */,
				7788B34119DA9242008AFA62 /* store.png in Resources */,
				7788B34219DA9242008AFA62 /* tips.png in Resources */,
				7788B33F19DA9242008AFA62 /* favorites.png in Resources */,
				7788B33719DA4ABE008AFA62 /* logo.png in Resources */,
				7788B30F19DA4797008AFA62 /* Images.xcassets in Resources */,
				7788B34019DA9242008AFA62 /* mallmap.png in Resources */,
				7788B30719DA4797008AFA62 /* Main_iPhone.storyboard in Resources */,
				7788B2FE19DA4797008AFA62 /* InfoPlist.strings in Resources */,
			);
			runOnlyForDeploymentPostprocessing = 0;
		};
		7788B31219DA4797008AFA62 /* Resources */ = {
			isa = PBXResourcesBuildPhase;
			buildActionMask = 2147483647;
			files = (
				7788B32019DA4797008AFA62 /* InfoPlist.strings in Resources */,
			);
			runOnlyForDeploymentPostprocessing = 0;
		};
/* End PBXResourcesBuildPhase section */

/* Begin PBXSourcesBuildPhase section */
		7788B2EC19DA4797008AFA62 /* Sources */ = {
			isa = PBXSourcesBuildPhase;
			buildActionMask = 2147483647;
			files = (
				7788B30D19DA4797008AFA62 /* ViewController.m in Sources */,
				7788B30419DA4797008AFA62 /* AppDelegate.m in Sources */,
				7788B30019DA4797008AFA62 /* main.m in Sources */,
			);
			runOnlyForDeploymentPostprocessing = 0;
		};
		7788B31019DA4797008AFA62 /* Sources */ = {
			isa = PBXSourcesBuildPhase;
			buildActionMask = 2147483647;
			files = (
				7788B32219DA4797008AFA62 /* MalltipTests.m in Sources */,
			);
			runOnlyForDeploymentPostprocessing = 0;
		};
/* End PBXSourcesBuildPhase section */

/* Begin PBXTargetDependency section */
		7788B31A19DA4797008AFA62 /* PBXTargetDependency */ = {
			isa = PBXTargetDependency;
			target = 7788B2EF19DA4797008AFA62 /* Malltip */;
			targetProxy = 7788B31919DA4797008AFA62 /* PBXContainerItemProxy */;
		};
/* End PBXTargetDependency section */

/* Begin PBXVariantGroup section */
		7788B2FC19DA4797008AFA62 /* InfoPlist.strings */ = {
			isa = PBXVariantGroup;
			children = (
				7788B2FD19DA4797008AFA62 /* en */,
			);
			name = InfoPlist.strings;
			sourceTree = "<group>";
		};
		7788B30519DA4797008AFA62 /* Main_iPhone.storyboard */ = {
			isa = PBXVariantGroup;
			children = (
				7788B30619DA4797008AFA62 /* Base */,
			);
			name = Main_iPhone.storyboard;
			sourceTree = "<group>";
		};
		7788B30819DA4797008AFA62 /* Main_iPad.storyboard */ = {
			isa = PBXVariantGroup;
			children = (
				7788B30919DA4797008AFA62 /* Base */,
			);
			name = Main_iPad.storyboard;
			sourceTree = "<group>";
		};
		7788B31E19DA4797008AFA62 /* InfoPlist.strings */ = {
			isa = PBXVariantGroup;
			children = (
				7788B31F19DA4797008AFA62 /* en */,
			);
			name = InfoPlist.strings;
			sourceTree = "<group>";
		};
/* End PBXVariantGroup section */

/* Begin XCBuildConfiguration section */
		7788B32319DA4797008AFA62 /* Debug */ = {
			isa = XCBuildConfiguration;
			buildSettings = {
				ALWAYS_SEARCH_USER_PATHS = NO;
				CLANG_CXX_LANGUAGE_STANDARD = "gnu++0x";
				CLANG_CXX_LIBRARY = "libc++";
				CLANG_ENABLE_MODULES = YES;
				CLANG_ENABLE_OBJC_ARC = YES;
				CLANG_WARN_BOOL_CONVERSION = YES;
				CLANG_WARN_CONSTANT_CONVERSION = YES;
				CLANG_WARN_DIRECT_OBJC_ISA_USAGE = YES_ERROR;
				CLANG_WARN_EMPTY_BODY = YES;
				CLANG_WARN_ENUM_CONVERSION = YES;
				CLANG_WARN_INT_CONVERSION = YES;
				CLANG_WARN_OBJC_ROOT_CLASS = YES_ERROR;
				CLANG_WARN__DUPLICATE_METHOD_MATCH = YES;
				"CODE_SIGN_IDENTITY[sdk=iphoneos*]" = "iPhone Developer";
				COPY_PHASE_STRIP = NO;
				GCC_C_LANGUAGE_STANDARD = gnu99;
				GCC_DYNAMIC_NO_PIC = NO;
				GCC_OPTIMIZATION_LEVEL = 0;
				GCC_PREPROCESSOR_DEFINITIONS = (
					"DEBUG=1",
					"$(inherited)",
				);
				GCC_SYMBOLS_PRIVATE_EXTERN = NO;
				GCC_WARN_64_TO_32_BIT_CONVERSION = YES;
				GCC_WARN_ABOUT_RETURN_TYPE = YES_ERROR;
				GCC_WARN_UNDECLARED_SELECTOR = YES;
				GCC_WARN_UNINITIALIZED_AUTOS = YES_AGGRESSIVE;
				GCC_WARN_UNUSED_FUNCTION = YES;
				GCC_WARN_UNUSED_VARIABLE = YES;
				IPHONEOS_DEPLOYMENT_TARGET = 7.1;
				ONLY_ACTIVE_ARCH = YES;
				SDKROOT = iphoneos;
				TARGETED_DEVICE_FAMILY = "1,2";
			};
			name = Debug;
		};
		7788B32419DA4797008AFA62 /* Release */ = {
			isa = XCBuildConfiguration;
			buildSettings = {
				ALWAYS_SEARCH_USER_PATHS = NO;
				CLANG_CXX_LANGUAGE_STANDARD = "gnu++0x";
				CLANG_CXX_LIBRARY = "libc++";
				CLANG_ENABLE_MODULES = YES;
				CLANG_ENABLE_OBJC_ARC = YES;
				CLANG_WARN_BOOL_CONVERSION = YES;
				CLANG_WARN_CONSTANT_CONVERSION = YES;
				CLANG_WARN_DIRECT_OBJC_ISA_USAGE = YES_ERROR;
				CLANG_WARN_EMPTY_BODY = YES;
				CLANG_WARN_ENUM_CONVERSION = YES;
				CLANG_WARN_INT_CONVERSION = YES;
				CLANG_WARN_OBJC_ROOT_CLASS = YES_ERROR;
				CLANG_WARN__DUPLICATE_METHOD_MATCH = YES;
				"CODE_SIGN_IDENTITY[sdk=iphoneos*]" = "iPhone Developer";
				COPY_PHASE_STRIP = YES;
				ENABLE_NS_ASSERTIONS = NO;
				GCC_C_LANGUAGE_STANDARD = gnu99;
				GCC_WARN_64_TO_32_BIT_CONVERSION = YES;
				GCC_WARN_ABOUT_RETURN_TYPE = YES_ERROR;
				GCC_WARN_UNDECLARED_SELECTOR = YES;
				GCC_WARN_UNINITIALIZED_AUTOS = YES_AGGRESSIVE;
				GCC_WARN_UNUSED_FUNCTION = YES;
				GCC_WARN_UNUSED_VARIABLE = YES;
				IPHONEOS_DEPLOYMENT_TARGET = 7.1;
				SDKROOT = iphoneos;
				TARGETED_DEVICE_FAMILY = "1,2";
				VALIDATE_PRODUCT = YES;
			};
			name = Release;
		};
		7788B32619DA4797008AFA62 /* Debug */ = {
			isa = XCBuildConfiguration;
			buildSettings = {
				ASSETCATALOG_COMPILER_APPICON_NAME = AppIcon;
				ASSETCATALOG_COMPILER_LAUNCHIMAGE_NAME = LaunchImage;
				GCC_PRECOMPILE_PREFIX_HEADER = YES;
				GCC_PREFIX_HEADER = "Malltip/Malltip-Prefix.pch";
				INFOPLIST_FILE = "Malltip/Malltip-Info.plist";
				PRODUCT_NAME = "$(TARGET_NAME)";
				WRAPPER_EXTENSION = app;
			};
			name = Debug;
		};
		7788B32719DA4797008AFA62 /* Release */ = {
			isa = XCBuildConfiguration;
			buildSettings = {
				ASSETCATALOG_COMPILER_APPICON_NAME = AppIcon;
				ASSETCATALOG_COMPILER_LAUNCHIMAGE_NAME = LaunchImage;
				GCC_PRECOMPILE_PREFIX_HEADER = YES;
				GCC_PREFIX_HEADER = "Malltip/Malltip-Prefix.pch";
				INFOPLIST_FILE = "Malltip/Malltip-Info.plist";
				PRODUCT_NAME = "$(TARGET_NAME)";
				WRAPPER_EXTENSION = app;
			};
			name = Release;
		};
		7788B32919DA4797008AFA62 /* Debug */ = {
			isa = XCBuildConfiguration;
			buildSettings = {
				BUNDLE_LOADER = "$(BUILT_PRODUCTS_DIR)/Malltip.app/Malltip";
				FRAMEWORK_SEARCH_PATHS = (
					"$(SDKROOT)/Developer/Library/Frameworks",
					"$(inherited)",
					"$(DEVELOPER_FRAMEWORKS_DIR)",
				);
				GCC_PRECOMPILE_PREFIX_HEADER = YES;
				GCC_PREFIX_HEADER = "Malltip/Malltip-Prefix.pch";
				GCC_PREPROCESSOR_DEFINITIONS = (
					"DEBUG=1",
					"$(inherited)",
				);
				INFOPLIST_FILE = "MalltipTests/MalltipTests-Info.plist";
				PRODUCT_NAME = "$(TARGET_NAME)";
				TEST_HOST = "$(BUNDLE_LOADER)";
				WRAPPER_EXTENSION = xctest;
			};
			name = Debug;
		};
		7788B32A19DA4797008AFA62 /* Release */ = {
			isa = XCBuildConfiguration;
			buildSettings = {
				BUNDLE_LOADER = "$(BUILT_PRODUCTS_DIR)/Malltip.app/Malltip";
				FRAMEWORK_SEARCH_PATHS = (
					"$(SDKROOT)/Developer/Library/Frameworks",
					"$(inherited)",
					"$(DEVELOPER_FRAMEWORKS_DIR)",
				);
				GCC_PRECOMPILE_PREFIX_HEADER = YES;
				GCC_PREFIX_HEADER = "Malltip/Malltip-Prefix.pch";
				INFOPLIST_FILE = "MalltipTests/MalltipTests-Info.plist";
				PRODUCT_NAME = "$(TARGET_NAME)";
				TEST_HOST = "$(BUNDLE_LOADER)";
				WRAPPER_EXTENSION = xctest;
			};
			name = Release;
		};
/* End XCBuildConfiguration section */

/* Begin XCConfigurationList section */
		7788B2EB19DA4797008AFA62 /* Build configuration list for PBXProject "Malltip" */ = {
			isa = XCConfigurationList;
			buildConfigurations = (
				7788B32319DA4797008AFA62 /* Debug */,
				7788B32419DA4797008AFA62 /* Release */,
			);
			defaultConfigurationIsVisible = 0;
			defaultConfigurationName = Release;
		};
		7788B32519DA4797008AFA62 /* Build configuration list for PBXNativeTarget "Malltip" */ = {
			isa = XCConfigurationList;
			buildConfigurations = (
				7788B32619DA4797008AFA62 /* Debug */,
				7788B32719DA4797008AFA62 /* Release */,
			);
			defaultConfigurationIsVisible = 0;
			defaultConfigurationName = Release;
		};
		7788B32819DA4797008AFA62 /* Build configuration list for PBXNativeTarget "MalltipTests" */ = {
			isa = XCConfigurationList;
			buildConfigurations = (
				7788B32919DA4797008AFA62 /* Debug */,
				7788B32A19DA4797008AFA62 /* Release */,
			);
			defaultConfigurationIsVisible = 0;
			defaultConfigurationName = Release;
		};
/* End XCConfigurationList section */
	};
	rootObject = 7788B2E819DA4797008AFA62 /* Project object */;
}
