// !$*UTF8*$!
{
	archiveVersion = 1;
	classes = {
	};
	objectVersion = 46;
	objects = {

/* Begin PBXBuildFile section */
		77A159C019BDB1D60000E423 /* Foundation.framework in Frameworks */ = {isa = PBXBuildFile; fileRef = 77A159BF19BDB1D60000E423 /* Foundation.framework */; };
		77A159C219BDB1D70000E423 /* CoreGraphics.framework in Frameworks */ = {isa = PBXBuildFile; fileRef = 77A159C119BDB1D70000E423 /* CoreGraphics.framework */; };
		77A159C419BDB1D70000E423 /* UIKit.framework in Frameworks */ = {isa = PBXBuildFile; fileRef = 77A159C319BDB1D70000E423 /* UIKit.framework */; };
		77A159CA19BDB1D70000E423 /* InfoPlist.strings in Resources */ = {isa = PBXBuildFile; fileRef = 77A159C819BDB1D70000E423 /* InfoPlist.strings */; };
		77A159CC19BDB1D70000E423 /* main.m in Sources */ = {isa = PBXBuildFile; fileRef = 77A159CB19BDB1D70000E423 /* main.m */; };
		77A159D019BDB1D70000E423 /* AppDelegate.m in Sources */ = {isa = PBXBuildFile; fileRef = 77A159CF19BDB1D70000E423 /* AppDelegate.m */; };
		77A159D319BDB1D70000E423 /* Main_iPhone.storyboard in Resources */ = {isa = PBXBuildFile; fileRef = 77A159D119BDB1D70000E423 /* Main_iPhone.storyboard */; };
		77A159D619BDB1D70000E423 /* Main_iPad.storyboard in Resources */ = {isa = PBXBuildFile; fileRef = 77A159D419BDB1D70000E423 /* Main_iPad.storyboard */; };
		77A159D919BDB1D70000E423 /* ViewController.m in Sources */ = {isa = PBXBuildFile; fileRef = 77A159D819BDB1D70000E423 /* ViewController.m */; };
		77A159DB19BDB1D70000E423 /* Images.xcassets in Resources */ = {isa = PBXBuildFile; fileRef = 77A159DA19BDB1D70000E423 /* Images.xcassets */; };
		77A159E219BDB1D70000E423 /* XCTest.framework in Frameworks */ = {isa = PBXBuildFile; fileRef = 77A159E119BDB1D70000E423 /* XCTest.framework */; };
		77A159E319BDB1D70000E423 /* Foundation.framework in Frameworks */ = {isa = PBXBuildFile; fileRef = 77A159BF19BDB1D60000E423 /* Foundation.framework */; };
		77A159E419BDB1D70000E423 /* UIKit.framework in Frameworks */ = {isa = PBXBuildFile; fileRef = 77A159C319BDB1D70000E423 /* UIKit.framework */; };
		77A159EC19BDB1D70000E423 /* InfoPlist.strings in Resources */ = {isa = PBXBuildFile; fileRef = 77A159EA19BDB1D70000E423 /* InfoPlist.strings */; };
		77A159EE19BDB1D70000E423 /* Image_ViewTests.m in Sources */ = {isa = PBXBuildFile; fileRef = 77A159ED19BDB1D70000E423 /* Image_ViewTests.m */; };
		77A159F919BDB40C0000E423 /* 1.jpg in Resources */ = {isa = PBXBuildFile; fileRef = 77A159F819BDB40C0000E423 /* 1.jpg */; };
/* End PBXBuildFile section */

/* Begin PBXContainerItemProxy section */
		77A159E519BDB1D70000E423 /* PBXContainerItemProxy */ = {
			isa = PBXContainerItemProxy;
			containerPortal = 77A159B419BDB1D60000E423 /* Project object */;
			proxyType = 1;
			remoteGlobalIDString = 77A159BB19BDB1D60000E423;
			remoteInfo = "Image View";
		};
/* End PBXContainerItemProxy section */

/* Begin PBXFileReference section */
		77A159BC19BDB1D60000E423 /* Image View.app */ = {isa = PBXFileReference; explicitFileType = wrapper.application; includeInIndex = 0; path = "Image View.app"; sourceTree = BUILT_PRODUCTS_DIR; };
		77A159BF19BDB1D60000E423 /* Foundation.framework */ = {isa = PBXFileReference; lastKnownFileType = wrapper.framework; name = Foundation.framework; path = System/Library/Frameworks/Foundation.framework; sourceTree = SDKROOT; };
		77A159C119BDB1D70000E423 /* CoreGraphics.framework */ = {isa = PBXFileReference; lastKnownFileType = wrapper.framework; name = CoreGraphics.framework; path = System/Library/Frameworks/CoreGraphics.framework; sourceTree = SDKROOT; };
		77A159C319BDB1D70000E423 /* UIKit.framework */ = {isa = PBXFileReference; lastKnownFileType = wrapper.framework; name = UIKit.framework; path = System/Library/Frameworks/UIKit.framework; sourceTree = SDKROOT; };
		77A159C719BDB1D70000E423 /* Image View-Info.plist */ = {isa = PBXFileReference; lastKnownFileType = text.plist.xml; path = "Image View-Info.plist"; sourceTree = "<group>"; };
		77A159C919BDB1D70000E423 /* en */ = {isa = PBXFileReference; lastKnownFileType = text.plist.strings; name = en; path = en.lproj/InfoPlist.strings; sourceTree = "<group>"; };
		77A159CB19BDB1D70000E423 /* main.m */ = {isa = PBXFileReference; lastKnownFileType = sourcecode.c.objc; path = main.m; sourceTree = "<group>"; };
		77A159CD19BDB1D70000E423 /* Image View-Prefix.pch */ = {isa = PBXFileReference; lastKnownFileType = sourcecode.c.h; path = "Image View-Prefix.pch"; sourceTree = "<group>"; };
		77A159CE19BDB1D70000E423 /* AppDelegate.h */ = {isa = PBXFileReference; lastKnownFileType = sourcecode.c.h; path = AppDelegate.h; sourceTree = "<group>"; };
		77A159CF19BDB1D70000E423 /* AppDelegate.m */ = {isa = PBXFileReference; lastKnownFileType = sourcecode.c.objc; path = AppDelegate.m; sourceTree = "<group>"; };
		77A159D219BDB1D70000E423 /* Base */ = {isa = PBXFileReference; lastKnownFileType = file.storyboard; name = Base; path = Base.lproj/Main_iPhone.storyboard; sourceTree = "<group>"; };
		77A159D519BDB1D70000E423 /* Base */ = {isa = PBXFileReference; lastKnownFileType = file.storyboard; name = Base; path = Base.lproj/Main_iPad.storyboard; sourceTree = "<group>"; };
		77A159D719BDB1D70000E423 /* ViewController.h */ = {isa = PBXFileReference; lastKnownFileType = sourcecode.c.h; path = ViewController.h; sourceTree = "<group>"; };
		77A159D819BDB1D70000E423 /* ViewController.m */ = {isa = PBXFileReference; lastKnownFileType = sourcecode.c.objc; path = ViewController.m; sourceTree = "<group>"; };
		77A159DA19BDB1D70000E423 /* Images.xcassets */ = {isa = PBXFileReference; lastKnownFileType = folder.assetcatalog; path = Images.xcassets; sourceTree = "<group>"; };
		77A159E019BDB1D70000E423 /* Image ViewTests.xctest */ = {isa = PBXFileReference; explicitFileType = wrapper.cfbundle; includeInIndex = 0; path = "Image ViewTests.xctest"; sourceTree = BUILT_PRODUCTS_DIR; };
		77A159E119BDB1D70000E423 /* XCTest.framework */ = {isa = PBXFileReference; lastKnownFileType = wrapper.framework; name = XCTest.framework; path = Library/Frameworks/XCTest.framework; sourceTree = DEVELOPER_DIR; };
		77A159E919BDB1D70000E423 /* Image ViewTests-Info.plist */ = {isa = PBXFileReference; lastKnownFileType = text.plist.xml; path = "Image ViewTests-Info.plist"; sourceTree = "<group>"; };
		77A159EB19BDB1D70000E423 /* en */ = {isa = PBXFileReference; lastKnownFileType = text.plist.strings; name = en; path = en.lproj/InfoPlist.strings; sourceTree = "<group>"; };
		77A159ED19BDB1D70000E423 /* Image_ViewTests.m */ = {isa = PBXFileReference; lastKnownFileType = sourcecode.c.objc; path = Image_ViewTests.m; sourceTree = "<group>"; };
		77A159F819BDB40C0000E423 /* 1.jpg */ = {isa = PBXFileReference; lastKnownFileType = image.jpeg; name = 1.jpg; path = ../../../../../../Downloads/1.jpg; sourceTree = "<group>"; };
/* End PBXFileReference section */

/* Begin PBXFrameworksBuildPhase section */
		77A159B919BDB1D60000E423 /* Frameworks */ = {
			isa = PBXFrameworksBuildPhase;
			buildActionMask = 2147483647;
			files = (
				77A159C219BDB1D70000E423 /* CoreGraphics.framework in Frameworks */,
				77A159C419BDB1D70000E423 /* UIKit.framework in Frameworks */,
				77A159C019BDB1D60000E423 /* Foundation.framework in Frameworks */,
			);
			runOnlyForDeploymentPostprocessing = 0;
		};
		77A159DD19BDB1D70000E423 /* Frameworks */ = {
			isa = PBXFrameworksBuildPhase;
			buildActionMask = 2147483647;
			files = (
				77A159E219BDB1D70000E423 /* XCTest.framework in Frameworks */,
				77A159E419BDB1D70000E423 /* UIKit.framework in Frameworks */,
				77A159E319BDB1D70000E423 /* Foundation.framework in Frameworks */,
			);
			runOnlyForDeploymentPostprocessing = 0;
		};
/* End PBXFrameworksBuildPhase section */

/* Begin PBXGroup section */
		77A159B319BDB1D60000E423 = {
			isa = PBXGroup;
			children = (
				77A159C519BDB1D70000E423 /* Image View */,
				77A159E719BDB1D70000E423 /* Image ViewTests */,
				77A159BE19BDB1D60000E423 /* Frameworks */,
				77A159BD19BDB1D60000E423 /* Products */,
			);
			sourceTree = "<group>";
		};
		77A159BD19BDB1D60000E423 /* Products */ = {
			isa = PBXGroup;
			children = (
				77A159BC19BDB1D60000E423 /* Image View.app */,
				77A159E019BDB1D70000E423 /* Image ViewTests.xctest */,
			);
			name = Products;
			sourceTree = "<group>";
		};
		77A159BE19BDB1D60000E423 /* Frameworks */ = {
			isa = PBXGroup;
			children = (
				77A159BF19BDB1D60000E423 /* Foundation.framework */,
				77A159C119BDB1D70000E423 /* CoreGraphics.framework */,
				77A159C319BDB1D70000E423 /* UIKit.framework */,
				77A159E119BDB1D70000E423 /* XCTest.framework */,
			);
			name = Frameworks;
			sourceTree = "<group>";
		};
		77A159C519BDB1D70000E423 /* Image View */ = {
			isa = PBXGroup;
			children = (
				77A159F819BDB40C0000E423 /* 1.jpg */,
				77A159CE19BDB1D70000E423 /* AppDelegate.h */,
				77A159CF19BDB1D70000E423 /* AppDelegate.m */,
				77A159D119BDB1D70000E423 /* Main_iPhone.storyboard */,
				77A159D419BDB1D70000E423 /* Main_iPad.storyboard */,
				77A159D719BDB1D70000E423 /* ViewController.h */,
				77A159D819BDB1D70000E423 /* ViewController.m */,
				77A159DA19BDB1D70000E423 /* Images.xcassets */,
				77A159C619BDB1D70000E423 /* Supporting Files */,
			);
			path = "Image View";
			sourceTree = "<group>";
		};
		77A159C619BDB1D70000E423 /* Supporting Files */ = {
			isa = PBXGroup;
			children = (
				77A159C719BDB1D70000E423 /* Image View-Info.plist */,
				77A159C819BDB1D70000E423 /* InfoPlist.strings */,
				77A159CB19BDB1D70000E423 /* main.m */,
				77A159CD19BDB1D70000E423 /* Image View-Prefix.pch */,
			);
			name = "Supporting Files";
			sourceTree = "<group>";
		};
		77A159E719BDB1D70000E423 /* Image ViewTests */ = {
			isa = PBXGroup;
			children = (
				77A159ED19BDB1D70000E423 /* Image_ViewTests.m */,
				77A159E819BDB1D70000E423 /* Supporting Files */,
			);
			path = "Image ViewTests";
			sourceTree = "<group>";
		};
		77A159E819BDB1D70000E423 /* Supporting Files */ = {
			isa = PBXGroup;
			children = (
				77A159E919BDB1D70000E423 /* Image ViewTests-Info.plist */,
				77A159EA19BDB1D70000E423 /* InfoPlist.strings */,
			);
			name = "Supporting Files";
			sourceTree = "<group>";
		};
/* End PBXGroup section */

/* Begin PBXNativeTarget section */
		77A159BB19BDB1D60000E423 /* Image View */ = {
			isa = PBXNativeTarget;
			buildConfigurationList = 77A159F119BDB1D70000E423 /* Build configuration list for PBXNativeTarget "Image View" */;
			buildPhases = (
				77A159B819BDB1D60000E423 /* Sources */,
				77A159B919BDB1D60000E423 /* Frameworks */,
				77A159BA19BDB1D60000E423 /* Resources */,
			);
			buildRules = (
			);
			dependencies = (
			);
			name = "Image View";
			productName = "Image View";
			productReference = 77A159BC19BDB1D60000E423 /* Image View.app */;
			productType = "com.apple.product-type.application";
		};
		77A159DF19BDB1D70000E423 /* Image ViewTests */ = {
			isa = PBXNativeTarget;
			buildConfigurationList = 77A159F419BDB1D70000E423 /* Build configuration list for PBXNativeTarget "Image ViewTests" */;
			buildPhases = (
				77A159DC19BDB1D70000E423 /* Sources */,
				77A159DD19BDB1D70000E423 /* Frameworks */,
				77A159DE19BDB1D70000E423 /* Resources */,
			);
			buildRules = (
			);
			dependencies = (
				77A159E619BDB1D70000E423 /* PBXTargetDependency */,
			);
			name = "Image ViewTests";
			productName = "Image ViewTests";
			productReference = 77A159E019BDB1D70000E423 /* Image ViewTests.xctest */;
			productType = "com.apple.product-type.bundle.unit-test";
		};
/* End PBXNativeTarget section */

/* Begin PBXProject section */
		77A159B419BDB1D60000E423 /* Project object */ = {
			isa = PBXProject;
			attributes = {
				LastUpgradeCheck = 0510;
				ORGANIZATIONNAME = "___Test___";
				TargetAttributes = {
					77A159DF19BDB1D70000E423 = {
						TestTargetID = 77A159BB19BDB1D60000E423;
					};
				};
			};
			buildConfigurationList = 77A159B719BDB1D60000E423 /* Build configuration list for PBXProject "Image View" */;
			compatibilityVersion = "Xcode 3.2";
			developmentRegion = English;
			hasScannedForEncodings = 0;
			knownRegions = (
				en,
				Base,
			);
			mainGroup = 77A159B319BDB1D60000E423;
			productRefGroup = 77A159BD19BDB1D60000E423 /* Products */;
			projectDirPath = "";
			projectRoot = "";
			targets = (
				77A159BB19BDB1D60000E423 /* Image View */,
				77A159DF19BDB1D70000E423 /* Image ViewTests */,
			);
		};
/* End PBXProject section */

/* Begin PBXResourcesBuildPhase section */
		77A159BA19BDB1D60000E423 /* Resources */ = {
			isa = PBXResourcesBuildPhase;
			buildActionMask = 2147483647;
			files = (
				77A159D619BDB1D70000E423 /* Main_iPad.storyboard in Resources */,
				77A159DB19BDB1D70000E423 /* Images.xcassets in Resources */,
				77A159D319BDB1D70000E423 /* Main_iPhone.storyboard in Resources */,
				77A159CA19BDB1D70000E423 /* InfoPlist.strings in Resources */,
				77A159F919BDB40C0000E423 /* 1.jpg in Resources */,
			);
			runOnlyForDeploymentPostprocessing = 0;
		};
		77A159DE19BDB1D70000E423 /* Resources */ = {
			isa = PBXResourcesBuildPhase;
			buildActionMask = 2147483647;
			files = (
				77A159EC19BDB1D70000E423 /* InfoPlist.strings in Resources */,
			);
			runOnlyForDeploymentPostprocessing = 0;
		};
/* End PBXResourcesBuildPhase section */

/* Begin PBXSourcesBuildPhase section */
		77A159B819BDB1D60000E423 /* Sources */ = {
			isa = PBXSourcesBuildPhase;
			buildActionMask = 2147483647;
			files = (
				77A159D919BDB1D70000E423 /* ViewController.m in Sources */,
				77A159D019BDB1D70000E423 /* AppDelegate.m in Sources */,
				77A159CC19BDB1D70000E423 /* main.m in Sources */,
			);
			runOnlyForDeploymentPostprocessing = 0;
		};
		77A159DC19BDB1D70000E423 /* Sources */ = {
			isa = PBXSourcesBuildPhase;
			buildActionMask = 2147483647;
			files = (
				77A159EE19BDB1D70000E423 /* Image_ViewTests.m in Sources */,
			);
			runOnlyForDeploymentPostprocessing = 0;
		};
/* End PBXSourcesBuildPhase section */

/* Begin PBXTargetDependency section */
		77A159E619BDB1D70000E423 /* PBXTargetDependency */ = {
			isa = PBXTargetDependency;
			target = 77A159BB19BDB1D60000E423 /* Image View */;
			targetProxy = 77A159E519BDB1D70000E423 /* PBXContainerItemProxy */;
		};
/* End PBXTargetDependency section */

/* Begin PBXVariantGroup section */
		77A159C819BDB1D70000E423 /* InfoPlist.strings */ = {
			isa = PBXVariantGroup;
			children = (
				77A159C919BDB1D70000E423 /* en */,
			);
			name = InfoPlist.strings;
			sourceTree = "<group>";
		};
		77A159D119BDB1D70000E423 /* Main_iPhone.storyboard */ = {
			isa = PBXVariantGroup;
			children = (
				77A159D219BDB1D70000E423 /* Base */,
			);
			name = Main_iPhone.storyboard;
			sourceTree = "<group>";
		};
		77A159D419BDB1D70000E423 /* Main_iPad.storyboard */ = {
			isa = PBXVariantGroup;
			children = (
				77A159D519BDB1D70000E423 /* Base */,
			);
			name = Main_iPad.storyboard;
			sourceTree = "<group>";
		};
		77A159EA19BDB1D70000E423 /* InfoPlist.strings */ = {
			isa = PBXVariantGroup;
			children = (
				77A159EB19BDB1D70000E423 /* en */,
			);
			name = InfoPlist.strings;
			sourceTree = "<group>";
		};
/* End PBXVariantGroup section */

/* Begin XCBuildConfiguration section */
		77A159EF19BDB1D70000E423 /* Debug */ = {
			isa = XCBuildConfiguration;
			buildSettings = {
				ALWAYS_SEARCH_USER_PATHS = NO;
				CLANG_CXX_LANGUAGE_STANDARD = "gnu++0x";
				CLANG_CXX_LIBRARY = "libc++";
				CLANG_ENABLE_MODULES = YES;
				CLANG_ENABLE_OBJC_ARC = YES;
				CLANG_WARN_BOOL_CONVERSION = YES;
				CLANG_WARN_CONSTANT_CONVERSION = YES;
				CLANG_WARN_DIRECT_OBJC_ISA_USAGE = YES_ERROR;
				CLANG_WARN_EMPTY_BODY = YES;
				CLANG_WARN_ENUM_CONVERSION = YES;
				CLANG_WARN_INT_CONVERSION = YES;
				CLANG_WARN_OBJC_ROOT_CLASS = YES_ERROR;
				CLANG_WARN__DUPLICATE_METHOD_MATCH = YES;
				"CODE_SIGN_IDENTITY[sdk=iphoneos*]" = "iPhone Developer";
				COPY_PHASE_STRIP = NO;
				GCC_C_LANGUAGE_STANDARD = gnu99;
				GCC_DYNAMIC_NO_PIC = NO;
				GCC_OPTIMIZATION_LEVEL = 0;
				GCC_PREPROCESSOR_DEFINITIONS = (
					"DEBUG=1",
					"$(inherited)",
				);
				GCC_SYMBOLS_PRIVATE_EXTERN = NO;
				GCC_WARN_64_TO_32_BIT_CONVERSION = YES;
				GCC_WARN_ABOUT_RETURN_TYPE = YES_ERROR;
				GCC_WARN_UNDECLARED_SELECTOR = YES;
				GCC_WARN_UNINITIALIZED_AUTOS = YES_AGGRESSIVE;
				GCC_WARN_UNUSED_FUNCTION = YES;
				GCC_WARN_UNUSED_VARIABLE = YES;
				IPHONEOS_DEPLOYMENT_TARGET = 7.1;
				ONLY_ACTIVE_ARCH = YES;
				SDKROOT = iphoneos;
				TARGETED_DEVICE_FAMILY = "1,2";
			};
			name = Debug;
		};
		77A159F019BDB1D70000E423 /* Release */ = {
			isa = XCBuildConfiguration;
			buildSettings = {
				ALWAYS_SEARCH_USER_PATHS = NO;
				CLANG_CXX_LANGUAGE_STANDARD = "gnu++0x";
				CLANG_CXX_LIBRARY = "libc++";
				CLANG_ENABLE_MODULES = YES;
				CLANG_ENABLE_OBJC_ARC = YES;
				CLANG_WARN_BOOL_CONVERSION = YES;
				CLANG_WARN_CONSTANT_CONVERSION = YES;
				CLANG_WARN_DIRECT_OBJC_ISA_USAGE = YES_ERROR;
				CLANG_WARN_EMPTY_BODY = YES;
				CLANG_WARN_ENUM_CONVERSION = YES;
				CLANG_WARN_INT_CONVERSION = YES;
				CLANG_WARN_OBJC_ROOT_CLASS = YES_ERROR;
				CLANG_WARN__DUPLICATE_METHOD_MATCH = YES;
				"CODE_SIGN_IDENTITY[sdk=iphoneos*]" = "iPhone Developer";
				COPY_PHASE_STRIP = YES;
				ENABLE_NS_ASSERTIONS = NO;
				GCC_C_LANGUAGE_STANDARD = gnu99;
				GCC_WARN_64_TO_32_BIT_CONVERSION = YES;
				GCC_WARN_ABOUT_RETURN_TYPE = YES_ERROR;
				GCC_WARN_UNDECLARED_SELECTOR = YES;
				GCC_WARN_UNINITIALIZED_AUTOS = YES_AGGRESSIVE;
				GCC_WARN_UNUSED_FUNCTION = YES;
				GCC_WARN_UNUSED_VARIABLE = YES;
				IPHONEOS_DEPLOYMENT_TARGET = 7.1;
				SDKROOT = iphoneos;
				TARGETED_DEVICE_FAMILY = "1,2";
				VALIDATE_PRODUCT = YES;
			};
			name = Release;
		};
		77A159F219BDB1D70000E423 /* Debug */ = {
			isa = XCBuildConfiguration;
			buildSettings = {
				ASSETCATALOG_COMPILER_APPICON_NAME = AppIcon;
				ASSETCATALOG_COMPILER_LAUNCHIMAGE_NAME = LaunchImage;
				GCC_PRECOMPILE_PREFIX_HEADER = YES;
				GCC_PREFIX_HEADER = "Image View/Image View-Prefix.pch";
				INFOPLIST_FILE = "Image View/Image View-Info.plist";
				PRODUCT_NAME = "$(TARGET_NAME)";
				WRAPPER_EXTENSION = app;
			};
			name = Debug;
		};
		77A159F319BDB1D70000E423 /* Release */ = {
			isa = XCBuildConfiguration;
			buildSettings = {
				ASSETCATALOG_COMPILER_APPICON_NAME = AppIcon;
				ASSETCATALOG_COMPILER_LAUNCHIMAGE_NAME = LaunchImage;
				GCC_PRECOMPILE_PREFIX_HEADER = YES;
				GCC_PREFIX_HEADER = "Image View/Image View-Prefix.pch";
				INFOPLIST_FILE = "Image View/Image View-Info.plist";
				PRODUCT_NAME = "$(TARGET_NAME)";
				WRAPPER_EXTENSION = app;
			};
			name = Release;
		};
		77A159F519BDB1D70000E423 /* Debug */ = {
			isa = XCBuildConfiguration;
			buildSettings = {
				BUNDLE_LOADER = "$(BUILT_PRODUCTS_DIR)/Image View.app/Image View";
				FRAMEWORK_SEARCH_PATHS = (
					"$(SDKROOT)/Developer/Library/Frameworks",
					"$(inherited)",
					"$(DEVELOPER_FRAMEWORKS_DIR)",
				);
				GCC_PRECOMPILE_PREFIX_HEADER = YES;
				GCC_PREFIX_HEADER = "Image View/Image View-Prefix.pch";
				GCC_PREPROCESSOR_DEFINITIONS = (
					"DEBUG=1",
					"$(inherited)",
				);
				INFOPLIST_FILE = "Image ViewTests/Image ViewTests-Info.plist";
				PRODUCT_NAME = "$(TARGET_NAME)";
				TEST_HOST = "$(BUNDLE_LOADER)";
				WRAPPER_EXTENSION = xctest;
			};
			name = Debug;
		};
		77A159F619BDB1D70000E423 /* Release */ = {
			isa = XCBuildConfiguration;
			buildSettings = {
				BUNDLE_LOADER = "$(BUILT_PRODUCTS_DIR)/Image View.app/Image View";
				FRAMEWORK_SEARCH_PATHS = (
					"$(SDKROOT)/Developer/Library/Frameworks",
					"$(inherited)",
					"$(DEVELOPER_FRAMEWORKS_DIR)",
				);
				GCC_PRECOMPILE_PREFIX_HEADER = YES;
				GCC_PREFIX_HEADER = "Image View/Image View-Prefix.pch";
				INFOPLIST_FILE = "Image ViewTests/Image ViewTests-Info.plist";
				PRODUCT_NAME = "$(TARGET_NAME)";
				TEST_HOST = "$(BUNDLE_LOADER)";
				WRAPPER_EXTENSION = xctest;
			};
			name = Release;
		};
/* End XCBuildConfiguration section */

/* Begin XCConfigurationList section */
		77A159B719BDB1D60000E423 /* Build configuration list for PBXProject "Image View" */ = {
			isa = XCConfigurationList;
			buildConfigurations = (
				77A159EF19BDB1D70000E423 /* Debug */,
				77A159F019BDB1D70000E423 /* Release */,
			);
			defaultConfigurationIsVisible = 0;
			defaultConfigurationName = Release;
		};
		77A159F119BDB1D70000E423 /* Build configuration list for PBXNativeTarget "Image View" */ = {
			isa = XCConfigurationList;
			buildConfigurations = (
				77A159F219BDB1D70000E423 /* Debug */,
				77A159F319BDB1D70000E423 /* Release */,
			);
			defaultConfigurationIsVisible = 0;
			defaultConfigurationName = Release;
		};
		77A159F419BDB1D70000E423 /* Build configuration list for PBXNativeTarget "Image ViewTests" */ = {
			isa = XCConfigurationList;
			buildConfigurations = (
				77A159F519BDB1D70000E423 /* Debug */,
				77A159F619BDB1D70000E423 /* Release */,
			);
			defaultConfigurationIsVisible = 0;
			defaultConfigurationName = Release;
		};
/* End XCConfigurationList section */
	};
	rootObject = 77A159B419BDB1D60000E423 /* Project object */;
}
