// !$*UTF8*$!
{
	archiveVersion = 1;
	classes = {
	};
	objectVersion = 46;
	objects = {

/* Begin PBXBuildFile section */
		77DA084919C19A84007BD30C /* Foundation.framework in Frameworks */ = {isa = PBXBuildFile; fileRef = 77DA084819C19A84007BD30C /* Foundation.framework */; };
		77DA084B19C19A84007BD30C /* CoreGraphics.framework in Frameworks */ = {isa = PBXBuildFile; fileRef = 77DA084A19C19A84007BD30C /* CoreGraphics.framework */; };
		77DA084D19C19A84007BD30C /* UIKit.framework in Frameworks */ = {isa = PBXBuildFile; fileRef = 77DA084C19C19A84007BD30C /* UIKit.framework */; };
		77DA085319C19A84007BD30C /* InfoPlist.strings in Resources */ = {isa = PBXBuildFile; fileRef = 77DA085119C19A84007BD30C /* InfoPlist.strings */; };
		77DA085519C19A84007BD30C /* main.m in Sources */ = {isa = PBXBuildFile; fileRef = 77DA085419C19A84007BD30C /* main.m */; };
		77DA085919C19A84007BD30C /* AppDelegate.m in Sources */ = {isa = PBXBuildFile; fileRef = 77DA085819C19A84007BD30C /* AppDelegate.m */; };
		77DA085C19C19A84007BD30C /* Main_iPhone.storyboard in Resources */ = {isa = PBXBuildFile; fileRef = 77DA085A19C19A84007BD30C /* Main_iPhone.storyboard */; };
		77DA085F19C19A84007BD30C /* Main_iPad.storyboard in Resources */ = {isa = PBXBuildFile; fileRef = 77DA085D19C19A84007BD30C /* Main_iPad.storyboard */; };
		77DA086219C19A84007BD30C /* ViewController.m in Sources */ = {isa = PBXBuildFile; fileRef = 77DA086119C19A84007BD30C /* ViewController.m */; };
		77DA086419C19A84007BD30C /* Images.xcassets in Resources */ = {isa = PBXBuildFile; fileRef = 77DA086319C19A84007BD30C /* Images.xcassets */; };
		77DA086B19C19A84007BD30C /* XCTest.framework in Frameworks */ = {isa = PBXBuildFile; fileRef = 77DA086A19C19A84007BD30C /* XCTest.framework */; };
		77DA086C19C19A84007BD30C /* Foundation.framework in Frameworks */ = {isa = PBXBuildFile; fileRef = 77DA084819C19A84007BD30C /* Foundation.framework */; };
		77DA086D19C19A84007BD30C /* UIKit.framework in Frameworks */ = {isa = PBXBuildFile; fileRef = 77DA084C19C19A84007BD30C /* UIKit.framework */; };
		77DA087519C19A84007BD30C /* InfoPlist.strings in Resources */ = {isa = PBXBuildFile; fileRef = 77DA087319C19A84007BD30C /* InfoPlist.strings */; };
		77DA087719C19A84007BD30C /* HeaderFooterCellTests.m in Sources */ = {isa = PBXBuildFile; fileRef = 77DA087619C19A84007BD30C /* HeaderFooterCellTests.m */; };
/* End PBXBuildFile section */

/* Begin PBXContainerItemProxy section */
		77DA086E19C19A84007BD30C /* PBXContainerItemProxy */ = {
			isa = PBXContainerItemProxy;
			containerPortal = 77DA083D19C19A84007BD30C /* Project object */;
			proxyType = 1;
			remoteGlobalIDString = 77DA084419C19A84007BD30C;
			remoteInfo = HeaderFooterCell;
		};
/* End PBXContainerItemProxy section */

/* Begin PBXFileReference section */
		77DA084519C19A84007BD30C /* HeaderFooterCell.app */ = {isa = PBXFileReference; explicitFileType = wrapper.application; includeInIndex = 0; path = HeaderFooterCell.app; sourceTree = BUILT_PRODUCTS_DIR; };
		77DA084819C19A84007BD30C /* Foundation.framework */ = {isa = PBXFileReference; lastKnownFileType = wrapper.framework; name = Foundation.framework; path = System/Library/Frameworks/Foundation.framework; sourceTree = SDKROOT; };
		77DA084A19C19A84007BD30C /* CoreGraphics.framework */ = {isa = PBXFileReference; lastKnownFileType = wrapper.framework; name = CoreGraphics.framework; path = System/Library/Frameworks/CoreGraphics.framework; sourceTree = SDKROOT; };
		77DA084C19C19A84007BD30C /* UIKit.framework */ = {isa = PBXFileReference; lastKnownFileType = wrapper.framework; name = UIKit.framework; path = System/Library/Frameworks/UIKit.framework; sourceTree = SDKROOT; };
		77DA085019C19A84007BD30C /* HeaderFooterCell-Info.plist */ = {isa = PBXFileReference; lastKnownFileType = text.plist.xml; path = "HeaderFooterCell-Info.plist"; sourceTree = "<group>"; };
		77DA085219C19A84007BD30C /* en */ = {isa = PBXFileReference; lastKnownFileType = text.plist.strings; name = en; path = en.lproj/InfoPlist.strings; sourceTree = "<group>"; };
		77DA085419C19A84007BD30C /* main.m */ = {isa = PBXFileReference; lastKnownFileType = sourcecode.c.objc; path = main.m; sourceTree = "<group>"; };
		77DA085619C19A84007BD30C /* HeaderFooterCell-Prefix.pch */ = {isa = PBXFileReference; lastKnownFileType = sourcecode.c.h; path = "HeaderFooterCell-Prefix.pch"; sourceTree = "<group>"; };
		77DA085719C19A84007BD30C /* AppDelegate.h */ = {isa = PBXFileReference; lastKnownFileType = sourcecode.c.h; path = AppDelegate.h; sourceTree = "<group>"; };
		77DA085819C19A84007BD30C /* AppDelegate.m */ = {isa = PBXFileReference; lastKnownFileType = sourcecode.c.objc; path = AppDelegate.m; sourceTree = "<group>"; };
		77DA085B19C19A84007BD30C /* Base */ = {isa = PBXFileReference; lastKnownFileType = file.storyboard; name = Base; path = Base.lproj/Main_iPhone.storyboard; sourceTree = "<group>"; };
		77DA085E19C19A84007BD30C /* Base */ = {isa = PBXFileReference; lastKnownFileType = file.storyboard; name = Base; path = Base.lproj/Main_iPad.storyboard; sourceTree = "<group>"; };
		77DA086019C19A84007BD30C /* ViewController.h */ = {isa = PBXFileReference; lastKnownFileType = sourcecode.c.h; path = ViewController.h; sourceTree = "<group>"; };
		77DA086119C19A84007BD30C /* ViewController.m */ = {isa = PBXFileReference; lastKnownFileType = sourcecode.c.objc; path = ViewController.m; sourceTree = "<group>"; };
		77DA086319C19A84007BD30C /* Images.xcassets */ = {isa = PBXFileReference; lastKnownFileType = folder.assetcatalog; path = Images.xcassets; sourceTree = "<group>"; };
		77DA086919C19A84007BD30C /* HeaderFooterCellTests.xctest */ = {isa = PBXFileReference; explicitFileType = wrapper.cfbundle; includeInIndex = 0; path = HeaderFooterCellTests.xctest; sourceTree = BUILT_PRODUCTS_DIR; };
		77DA086A19C19A84007BD30C /* XCTest.framework */ = {isa = PBXFileReference; lastKnownFileType = wrapper.framework; name = XCTest.framework; path = Library/Frameworks/XCTest.framework; sourceTree = DEVELOPER_DIR; };
		77DA087219C19A84007BD30C /* HeaderFooterCellTests-Info.plist */ = {isa = PBXFileReference; lastKnownFileType = text.plist.xml; path = "HeaderFooterCellTests-Info.plist"; sourceTree = "<group>"; };
		77DA087419C19A84007BD30C /* en */ = {isa = PBXFileReference; lastKnownFileType = text.plist.strings; name = en; path = en.lproj/InfoPlist.strings; sourceTree = "<group>"; };
		77DA087619C19A84007BD30C /* HeaderFooterCellTests.m */ = {isa = PBXFileReference; lastKnownFileType = sourcecode.c.objc; path = HeaderFooterCellTests.m; sourceTree = "<group>"; };
/* End PBXFileReference section */

/* Begin PBXFrameworksBuildPhase section */
		77DA084219C19A84007BD30C /* Frameworks */ = {
			isa = PBXFrameworksBuildPhase;
			buildActionMask = 2147483647;
			files = (
				77DA084B19C19A84007BD30C /* CoreGraphics.framework in Frameworks */,
				77DA084D19C19A84007BD30C /* UIKit.framework in Frameworks */,
				77DA084919C19A84007BD30C /* Foundation.framework in Frameworks */,
			);
			runOnlyForDeploymentPostprocessing = 0;
		};
		77DA086619C19A84007BD30C /* Frameworks */ = {
			isa = PBXFrameworksBuildPhase;
			buildActionMask = 2147483647;
			files = (
				77DA086B19C19A84007BD30C /* XCTest.framework in Frameworks */,
				77DA086D19C19A84007BD30C /* UIKit.framework in Frameworks */,
				77DA086C19C19A84007BD30C /* Foundation.framework in Frameworks */,
			);
			runOnlyForDeploymentPostprocessing = 0;
		};
/* End PBXFrameworksBuildPhase section */

/* Begin PBXGroup section */
		77DA083C19C19A84007BD30C = {
			isa = PBXGroup;
			children = (
				77DA084E19C19A84007BD30C /* HeaderFooterCell */,
				77DA087019C19A84007BD30C /* HeaderFooterCellTests */,
				77DA084719C19A84007BD30C /* Frameworks */,
				77DA084619C19A84007BD30C /* Products */,
			);
			sourceTree = "<group>";
		};
		77DA084619C19A84007BD30C /* Products */ = {
			isa = PBXGroup;
			children = (
				77DA084519C19A84007BD30C /* HeaderFooterCell.app */,
				77DA086919C19A84007BD30C /* HeaderFooterCellTests.xctest */,
			);
			name = Products;
			sourceTree = "<group>";
		};
		77DA084719C19A84007BD30C /* Frameworks */ = {
			isa = PBXGroup;
			children = (
				77DA084819C19A84007BD30C /* Foundation.framework */,
				77DA084A19C19A84007BD30C /* CoreGraphics.framework */,
				77DA084C19C19A84007BD30C /* UIKit.framework */,
				77DA086A19C19A84007BD30C /* XCTest.framework */,
			);
			name = Frameworks;
			sourceTree = "<group>";
		};
		77DA084E19C19A84007BD30C /* HeaderFooterCell */ = {
			isa = PBXGroup;
			children = (
				77DA085719C19A84007BD30C /* AppDelegate.h */,
				77DA085819C19A84007BD30C /* AppDelegate.m */,
				77DA085A19C19A84007BD30C /* Main_iPhone.storyboard */,
				77DA085D19C19A84007BD30C /* Main_iPad.storyboard */,
				77DA086019C19A84007BD30C /* ViewController.h */,
				77DA086119C19A84007BD30C /* ViewController.m */,
				77DA086319C19A84007BD30C /* Images.xcassets */,
				77DA084F19C19A84007BD30C /* Supporting Files */,
			);
			path = HeaderFooterCell;
			sourceTree = "<group>";
		};
		77DA084F19C19A84007BD30C /* Supporting Files */ = {
			isa = PBXGroup;
			children = (
				77DA085019C19A84007BD30C /* HeaderFooterCell-Info.plist */,
				77DA085119C19A84007BD30C /* InfoPlist.strings */,
				77DA085419C19A84007BD30C /* main.m */,
				77DA085619C19A84007BD30C /* HeaderFooterCell-Prefix.pch */,
			);
			name = "Supporting Files";
			sourceTree = "<group>";
		};
		77DA087019C19A84007BD30C /* HeaderFooterCellTests */ = {
			isa = PBXGroup;
			children = (
				77DA087619C19A84007BD30C /* HeaderFooterCellTests.m */,
				77DA087119C19A84007BD30C /* Supporting Files */,
			);
			path = HeaderFooterCellTests;
			sourceTree = "<group>";
		};
		77DA087119C19A84007BD30C /* Supporting Files */ = {
			isa = PBXGroup;
			children = (
				77DA087219C19A84007BD30C /* HeaderFooterCellTests-Info.plist */,
				77DA087319C19A84007BD30C /* InfoPlist.strings */,
			);
			name = "Supporting Files";
			sourceTree = "<group>";
		};
/* End PBXGroup section */

/* Begin PBXNativeTarget section */
		77DA084419C19A84007BD30C /* HeaderFooterCell */ = {
			isa = PBXNativeTarget;
			buildConfigurationList = 77DA087A19C19A84007BD30C /* Build configuration list for PBXNativeTarget "HeaderFooterCell" */;
			buildPhases = (
				77DA084119C19A84007BD30C /* Sources */,
				77DA084219C19A84007BD30C /* Frameworks */,
				77DA084319C19A84007BD30C /* Resources */,
			);
			buildRules = (
			);
			dependencies = (
			);
			name = HeaderFooterCell;
			productName = HeaderFooterCell;
			productReference = 77DA084519C19A84007BD30C /* HeaderFooterCell.app */;
			productType = "com.apple.product-type.application";
		};
		77DA086819C19A84007BD30C /* HeaderFooterCellTests */ = {
			isa = PBXNativeTarget;
			buildConfigurationList = 77DA087D19C19A84007BD30C /* Build configuration list for PBXNativeTarget "HeaderFooterCellTests" */;
			buildPhases = (
				77DA086519C19A84007BD30C /* Sources */,
				77DA086619C19A84007BD30C /* Frameworks */,
				77DA086719C19A84007BD30C /* Resources */,
			);
			buildRules = (
			);
			dependencies = (
				77DA086F19C19A84007BD30C /* PBXTargetDependency */,
			);
			name = HeaderFooterCellTests;
			productName = HeaderFooterCellTests;
			productReference = 77DA086919C19A84007BD30C /* HeaderFooterCellTests.xctest */;
			productType = "com.apple.product-type.bundle.unit-test";
		};
/* End PBXNativeTarget section */

/* Begin PBXProject section */
		77DA083D19C19A84007BD30C /* Project object */ = {
			isa = PBXProject;
			attributes = {
				LastUpgradeCheck = 0510;
				ORGANIZATIONNAME = "___Test___";
				TargetAttributes = {
					77DA086819C19A84007BD30C = {
						TestTargetID = 77DA084419C19A84007BD30C;
					};
				};
			};
			buildConfigurationList = 77DA084019C19A84007BD30C /* Build configuration list for PBXProject "HeaderFooterCell" */;
			compatibilityVersion = "Xcode 3.2";
			developmentRegion = English;
			hasScannedForEncodings = 0;
			knownRegions = (
				en,
				Base,
			);
			mainGroup = 77DA083C19C19A84007BD30C;
			productRefGroup = 77DA084619C19A84007BD30C /* Products */;
			projectDirPath = "";
			projectRoot = "";
			targets = (
				77DA084419C19A84007BD30C /* HeaderFooterCell */,
				77DA086819C19A84007BD30C /* HeaderFooterCellTests */,
			);
		};
/* End PBXProject section */

/* Begin PBXResourcesBuildPhase section */
		77DA084319C19A84007BD30C /* Resources */ = {
			isa = PBXResourcesBuildPhase;
			buildActionMask = 2147483647;
			files = (
				77DA085F19C19A84007BD30C /* Main_iPad.storyboard in Resources */,
				77DA086419C19A84007BD30C /* Images.xcassets in Resources */,
				77DA085C19C19A84007BD30C /* Main_iPhone.storyboard in Resources */,
				77DA085319C19A84007BD30C /* InfoPlist.strings in Resources */,
			);
			runOnlyForDeploymentPostprocessing = 0;
		};
		77DA086719C19A84007BD30C /* Resources */ = {
			isa = PBXResourcesBuildPhase;
			buildActionMask = 2147483647;
			files = (
				77DA087519C19A84007BD30C /* InfoPlist.strings in Resources */,
			);
			runOnlyForDeploymentPostprocessing = 0;
		};
/* End PBXResourcesBuildPhase section */

/* Begin PBXSourcesBuildPhase section */
		77DA084119C19A84007BD30C /* Sources */ = {
			isa = PBXSourcesBuildPhase;
			buildActionMask = 2147483647;
			files = (
				77DA086219C19A84007BD30C /* ViewController.m in Sources */,
				77DA085919C19A84007BD30C /* AppDelegate.m in Sources */,
				77DA085519C19A84007BD30C /* main.m in Sources */,
			);
			runOnlyForDeploymentPostprocessing = 0;
		};
		77DA086519C19A84007BD30C /* Sources */ = {
			isa = PBXSourcesBuildPhase;
			buildActionMask = 2147483647;
			files = (
				77DA087719C19A84007BD30C /* HeaderFooterCellTests.m in Sources */,
			);
			runOnlyForDeploymentPostprocessing = 0;
		};
/* End PBXSourcesBuildPhase section */

/* Begin PBXTargetDependency section */
		77DA086F19C19A84007BD30C /* PBXTargetDependency */ = {
			isa = PBXTargetDependency;
			target = 77DA084419C19A84007BD30C /* HeaderFooterCell */;
			targetProxy = 77DA086E19C19A84007BD30C /* PBXContainerItemProxy */;
		};
/* End PBXTargetDependency section */

/* Begin PBXVariantGroup section */
		77DA085119C19A84007BD30C /* InfoPlist.strings */ = {
			isa = PBXVariantGroup;
			children = (
				77DA085219C19A84007BD30C /* en */,
			);
			name = InfoPlist.strings;
			sourceTree = "<group>";
		};
		77DA085A19C19A84007BD30C /* Main_iPhone.storyboard */ = {
			isa = PBXVariantGroup;
			children = (
				77DA085B19C19A84007BD30C /* Base */,
			);
			name = Main_iPhone.storyboard;
			sourceTree = "<group>";
		};
		77DA085D19C19A84007BD30C /* Main_iPad.storyboard */ = {
			isa = PBXVariantGroup;
			children = (
				77DA085E19C19A84007BD30C /* Base */,
			);
			name = Main_iPad.storyboard;
			sourceTree = "<group>";
		};
		77DA087319C19A84007BD30C /* InfoPlist.strings */ = {
			isa = PBXVariantGroup;
			children = (
				77DA087419C19A84007BD30C /* en */,
			);
			name = InfoPlist.strings;
			sourceTree = "<group>";
		};
/* End PBXVariantGroup section */

/* Begin XCBuildConfiguration section */
		77DA087819C19A84007BD30C /* Debug */ = {
			isa = XCBuildConfiguration;
			buildSettings = {
				ALWAYS_SEARCH_USER_PATHS = NO;
				CLANG_CXX_LANGUAGE_STANDARD = "gnu++0x";
				CLANG_CXX_LIBRARY = "libc++";
				CLANG_ENABLE_MODULES = YES;
				CLANG_ENABLE_OBJC_ARC = YES;
				CLANG_WARN_BOOL_CONVERSION = YES;
				CLANG_WARN_CONSTANT_CONVERSION = YES;
				CLANG_WARN_DIRECT_OBJC_ISA_USAGE = YES_ERROR;
				CLANG_WARN_EMPTY_BODY = YES;
				CLANG_WARN_ENUM_CONVERSION = YES;
				CLANG_WARN_INT_CONVERSION = YES;
				CLANG_WARN_OBJC_ROOT_CLASS = YES_ERROR;
				CLANG_WARN__DUPLICATE_METHOD_MATCH = YES;
				"CODE_SIGN_IDENTITY[sdk=iphoneos*]" = "iPhone Developer";
				COPY_PHASE_STRIP = NO;
				GCC_C_LANGUAGE_STANDARD = gnu99;
				GCC_DYNAMIC_NO_PIC = NO;
				GCC_OPTIMIZATION_LEVEL = 0;
				GCC_PREPROCESSOR_DEFINITIONS = (
					"DEBUG=1",
					"$(inherited)",
				);
				GCC_SYMBOLS_PRIVATE_EXTERN = NO;
				GCC_WARN_64_TO_32_BIT_CONVERSION = YES;
				GCC_WARN_ABOUT_RETURN_TYPE = YES_ERROR;
				GCC_WARN_UNDECLARED_SELECTOR = YES;
				GCC_WARN_UNINITIALIZED_AUTOS = YES_AGGRESSIVE;
				GCC_WARN_UNUSED_FUNCTION = YES;
				GCC_WARN_UNUSED_VARIABLE = YES;
				IPHONEOS_DEPLOYMENT_TARGET = 7.1;
				ONLY_ACTIVE_ARCH = YES;
				SDKROOT = iphoneos;
				TARGETED_DEVICE_FAMILY = "1,2";
			};
			name = Debug;
		};
		77DA087919C19A84007BD30C /* Release */ = {
			isa = XCBuildConfiguration;
			buildSettings = {
				ALWAYS_SEARCH_USER_PATHS = NO;
				CLANG_CXX_LANGUAGE_STANDARD = "gnu++0x";
				CLANG_CXX_LIBRARY = "libc++";
				CLANG_ENABLE_MODULES = YES;
				CLANG_ENABLE_OBJC_ARC = YES;
				CLANG_WARN_BOOL_CONVERSION = YES;
				CLANG_WARN_CONSTANT_CONVERSION = YES;
				CLANG_WARN_DIRECT_OBJC_ISA_USAGE = YES_ERROR;
				CLANG_WARN_EMPTY_BODY = YES;
				CLANG_WARN_ENUM_CONVERSION = YES;
				CLANG_WARN_INT_CONVERSION = YES;
				CLANG_WARN_OBJC_ROOT_CLASS = YES_ERROR;
				CLANG_WARN__DUPLICATE_METHOD_MATCH = YES;
				"CODE_SIGN_IDENTITY[sdk=iphoneos*]" = "iPhone Developer";
				COPY_PHASE_STRIP = YES;
				ENABLE_NS_ASSERTIONS = NO;
				GCC_C_LANGUAGE_STANDARD = gnu99;
				GCC_WARN_64_TO_32_BIT_CONVERSION = YES;
				GCC_WARN_ABOUT_RETURN_TYPE = YES_ERROR;
				GCC_WARN_UNDECLARED_SELECTOR = YES;
				GCC_WARN_UNINITIALIZED_AUTOS = YES_AGGRESSIVE;
				GCC_WARN_UNUSED_FUNCTION = YES;
				GCC_WARN_UNUSED_VARIABLE = YES;
				IPHONEOS_DEPLOYMENT_TARGET = 7.1;
				SDKROOT = iphoneos;
				TARGETED_DEVICE_FAMILY = "1,2";
				VALIDATE_PRODUCT = YES;
			};
			name = Release;
		};
		77DA087B19C19A84007BD30C /* Debug */ = {
			isa = XCBuildConfiguration;
			buildSettings = {
				ASSETCATALOG_COMPILER_APPICON_NAME = AppIcon;
				ASSETCATALOG_COMPILER_LAUNCHIMAGE_NAME = LaunchImage;
				GCC_PRECOMPILE_PREFIX_HEADER = YES;
				GCC_PREFIX_HEADER = "HeaderFooterCell/HeaderFooterCell-Prefix.pch";
				INFOPLIST_FILE = "HeaderFooterCell/HeaderFooterCell-Info.plist";
				PRODUCT_NAME = "$(TARGET_NAME)";
				WRAPPER_EXTENSION = app;
			};
			name = Debug;
		};
		77DA087C19C19A84007BD30C /* Release */ = {
			isa = XCBuildConfiguration;
			buildSettings = {
				ASSETCATALOG_COMPILER_APPICON_NAME = AppIcon;
				ASSETCATALOG_COMPILER_LAUNCHIMAGE_NAME = LaunchImage;
				GCC_PRECOMPILE_PREFIX_HEADER = YES;
				GCC_PREFIX_HEADER = "HeaderFooterCell/HeaderFooterCell-Prefix.pch";
				INFOPLIST_FILE = "HeaderFooterCell/HeaderFooterCell-Info.plist";
				PRODUCT_NAME = "$(TARGET_NAME)";
				WRAPPER_EXTENSION = app;
			};
			name = Release;
		};
		77DA087E19C19A84007BD30C /* Debug */ = {
			isa = XCBuildConfiguration;
			buildSettings = {
				BUNDLE_LOADER = "$(BUILT_PRODUCTS_DIR)/HeaderFooterCell.app/HeaderFooterCell";
				FRAMEWORK_SEARCH_PATHS = (
					"$(SDKROOT)/Developer/Library/Frameworks",
					"$(inherited)",
					"$(DEVELOPER_FRAMEWORKS_DIR)",
				);
				GCC_PRECOMPILE_PREFIX_HEADER = YES;
				GCC_PREFIX_HEADER = "HeaderFooterCell/HeaderFooterCell-Prefix.pch";
				GCC_PREPROCESSOR_DEFINITIONS = (
					"DEBUG=1",
					"$(inherited)",
				);
				INFOPLIST_FILE = "HeaderFooterCellTests/HeaderFooterCellTests-Info.plist";
				PRODUCT_NAME = "$(TARGET_NAME)";
				TEST_HOST = "$(BUNDLE_LOADER)";
				WRAPPER_EXTENSION = xctest;
			};
			name = Debug;
		};
		77DA087F19C19A84007BD30C /* Release */ = {
			isa = XCBuildConfiguration;
			buildSettings = {
				BUNDLE_LOADER = "$(BUILT_PRODUCTS_DIR)/HeaderFooterCell.app/HeaderFooterCell";
				FRAMEWORK_SEARCH_PATHS = (
					"$(SDKROOT)/Developer/Library/Frameworks",
					"$(inherited)",
					"$(DEVELOPER_FRAMEWORKS_DIR)",
				);
				GCC_PRECOMPILE_PREFIX_HEADER = YES;
				GCC_PREFIX_HEADER = "HeaderFooterCell/HeaderFooterCell-Prefix.pch";
				INFOPLIST_FILE = "HeaderFooterCellTests/HeaderFooterCellTests-Info.plist";
				PRODUCT_NAME = "$(TARGET_NAME)";
				TEST_HOST = "$(BUNDLE_LOADER)";
				WRAPPER_EXTENSION = xctest;
			};
			name = Release;
		};
/* End XCBuildConfiguration section */

/* Begin XCConfigurationList section */
		77DA084019C19A84007BD30C /* Build configuration list for PBXProject "HeaderFooterCell" */ = {
			isa = XCConfigurationList;
			buildConfigurations = (
				77DA087819C19A84007BD30C /* Debug */,
				77DA087919C19A84007BD30C /* Release */,
			);
			defaultConfigurationIsVisible = 0;
			defaultConfigurationName = Release;
		};
		77DA087A19C19A84007BD30C /* Build configuration list for PBXNativeTarget "HeaderFooterCell" */ = {
			isa = XCConfigurationList;
			buildConfigurations = (
				77DA087B19C19A84007BD30C /* Debug */,
				77DA087C19C19A84007BD30C /* Release */,
			);
			defaultConfigurationIsVisible = 0;
		};
		77DA087D19C19A84007BD30C /* Build configuration list for PBXNativeTarget "HeaderFooterCellTests" */ = {
			isa = XCConfigurationList;
			buildConfigurations = (
				77DA087E19C19A84007BD30C /* Debug */,
				77DA087F19C19A84007BD30C /* Release */,
			);
			defaultConfigurationIsVisible = 0;
		};
/* End XCConfigurationList section */
	};
	rootObject = 77DA083D19C19A84007BD30C /* Project object */;
}
