// !$*UTF8*$!
{
	archiveVersion = 1;
	classes = {
	};
	objectVersion = 46;
	objects = {

/* Begin PBXBuildFile section */
		7739CF1F19BD4E08000AF04C /* Foundation.framework in Frameworks */ = {isa = PBXBuildFile; fileRef = 7739CF1E19BD4E08000AF04C /* Foundation.framework */; };
		7739CF2119BD4E08000AF04C /* CoreGraphics.framework in Frameworks */ = {isa = PBXBuildFile; fileRef = 7739CF2019BD4E08000AF04C /* CoreGraphics.framework */; };
		7739CF2319BD4E08000AF04C /* UIKit.framework in Frameworks */ = {isa = PBXBuildFile; fileRef = 7739CF2219BD4E08000AF04C /* UIKit.framework */; };
		7739CF2919BD4E08000AF04C /* InfoPlist.strings in Resources */ = {isa = PBXBuildFile; fileRef = 7739CF2719BD4E08000AF04C /* InfoPlist.strings */; };
		7739CF2B19BD4E08000AF04C /* main.m in Sources */ = {isa = PBXBuildFile; fileRef = 7739CF2A19BD4E08000AF04C /* main.m */; };
		7739CF2F19BD4E08000AF04C /* AppDelegate.m in Sources */ = {isa = PBXBuildFile; fileRef = 7739CF2E19BD4E08000AF04C /* AppDelegate.m */; };
		7739CF3219BD4E08000AF04C /* Main_iPhone.storyboard in Resources */ = {isa = PBXBuildFile; fileRef = 7739CF3019BD4E08000AF04C /* Main_iPhone.storyboard */; };
		7739CF3519BD4E08000AF04C /* Main_iPad.storyboard in Resources */ = {isa = PBXBuildFile; fileRef = 7739CF3319BD4E08000AF04C /* Main_iPad.storyboard */; };
		7739CF3819BD4E08000AF04C /* ViewController.m in Sources */ = {isa = PBXBuildFile; fileRef = 7739CF3719BD4E08000AF04C /* ViewController.m */; };
		7739CF3A19BD4E08000AF04C /* Images.xcassets in Resources */ = {isa = PBXBuildFile; fileRef = 7739CF3919BD4E08000AF04C /* Images.xcassets */; };
		7739CF4119BD4E09000AF04C /* XCTest.framework in Frameworks */ = {isa = PBXBuildFile; fileRef = 7739CF4019BD4E09000AF04C /* XCTest.framework */; };
		7739CF4219BD4E09000AF04C /* Foundation.framework in Frameworks */ = {isa = PBXBuildFile; fileRef = 7739CF1E19BD4E08000AF04C /* Foundation.framework */; };
		7739CF4319BD4E09000AF04C /* UIKit.framework in Frameworks */ = {isa = PBXBuildFile; fileRef = 7739CF2219BD4E08000AF04C /* UIKit.framework */; };
		7739CF4B19BD4E09000AF04C /* InfoPlist.strings in Resources */ = {isa = PBXBuildFile; fileRef = 7739CF4919BD4E09000AF04C /* InfoPlist.strings */; };
		7739CF4D19BD4E09000AF04C /* Date_PickerTests.m in Sources */ = {isa = PBXBuildFile; fileRef = 7739CF4C19BD4E09000AF04C /* Date_PickerTests.m */; };
/* End PBXBuildFile section */

/* Begin PBXContainerItemProxy section */
		7739CF4419BD4E09000AF04C /* PBXContainerItemProxy */ = {
			isa = PBXContainerItemProxy;
			containerPortal = 7739CF1319BD4E08000AF04C /* Project object */;
			proxyType = 1;
			remoteGlobalIDString = 7739CF1A19BD4E08000AF04C;
			remoteInfo = "Date Picker";
		};
/* End PBXContainerItemProxy section */

/* Begin PBXFileReference section */
		7739CF1B19BD4E08000AF04C /* Date Picker.app */ = {isa = PBXFileReference; explicitFileType = wrapper.application; includeInIndex = 0; path = "Date Picker.app"; sourceTree = BUILT_PRODUCTS_DIR; };
		7739CF1E19BD4E08000AF04C /* Foundation.framework */ = {isa = PBXFileReference; lastKnownFileType = wrapper.framework; name = Foundation.framework; path = System/Library/Frameworks/Foundation.framework; sourceTree = SDKROOT; };
		7739CF2019BD4E08000AF04C /* CoreGraphics.framework */ = {isa = PBXFileReference; lastKnownFileType = wrapper.framework; name = CoreGraphics.framework; path = System/Library/Frameworks/CoreGraphics.framework; sourceTree = SDKROOT; };
		7739CF2219BD4E08000AF04C /* UIKit.framework */ = {isa = PBXFileReference; lastKnownFileType = wrapper.framework; name = UIKit.framework; path = System/Library/Frameworks/UIKit.framework; sourceTree = SDKROOT; };
		7739CF2619BD4E08000AF04C /* Date Picker-Info.plist */ = {isa = PBXFileReference; lastKnownFileType = text.plist.xml; path = "Date Picker-Info.plist"; sourceTree = "<group>"; };
		7739CF2819BD4E08000AF04C /* en */ = {isa = PBXFileReference; lastKnownFileType = text.plist.strings; name = en; path = en.lproj/InfoPlist.strings; sourceTree = "<group>"; };
		7739CF2A19BD4E08000AF04C /* main.m */ = {isa = PBXFileReference; lastKnownFileType = sourcecode.c.objc; path = main.m; sourceTree = "<group>"; };
		7739CF2C19BD4E08000AF04C /* Date Picker-Prefix.pch */ = {isa = PBXFileReference; lastKnownFileType = sourcecode.c.h; path = "Date Picker-Prefix.pch"; sourceTree = "<group>"; };
		7739CF2D19BD4E08000AF04C /* AppDelegate.h */ = {isa = PBXFileReference; lastKnownFileType = sourcecode.c.h; path = AppDelegate.h; sourceTree = "<group>"; };
		7739CF2E19BD4E08000AF04C /* AppDelegate.m */ = {isa = PBXFileReference; lastKnownFileType = sourcecode.c.objc; path = AppDelegate.m; sourceTree = "<group>"; };
		7739CF3119BD4E08000AF04C /* Base */ = {isa = PBXFileReference; lastKnownFileType = file.storyboard; name = Base; path = Base.lproj/Main_iPhone.storyboard; sourceTree = "<group>"; };
		7739CF3419BD4E08000AF04C /* Base */ = {isa = PBXFileReference; lastKnownFileType = file.storyboard; name = Base; path = Base.lproj/Main_iPad.storyboard; sourceTree = "<group>"; };
		7739CF3619BD4E08000AF04C /* ViewController.h */ = {isa = PBXFileReference; lastKnownFileType = sourcecode.c.h; path = ViewController.h; sourceTree = "<group>"; };
		7739CF3719BD4E08000AF04C /* ViewController.m */ = {isa = PBXFileReference; lastKnownFileType = sourcecode.c.objc; path = ViewController.m; sourceTree = "<group>"; };
		7739CF3919BD4E08000AF04C /* Images.xcassets */ = {isa = PBXFileReference; lastKnownFileType = folder.assetcatalog; path = Images.xcassets; sourceTree = "<group>"; };
		7739CF3F19BD4E09000AF04C /* Date PickerTests.xctest */ = {isa = PBXFileReference; explicitFileType = wrapper.cfbundle; includeInIndex = 0; path = "Date PickerTests.xctest"; sourceTree = BUILT_PRODUCTS_DIR; };
		7739CF4019BD4E09000AF04C /* XCTest.framework */ = {isa = PBXFileReference; lastKnownFileType = wrapper.framework; name = XCTest.framework; path = Library/Frameworks/XCTest.framework; sourceTree = DEVELOPER_DIR; };
		7739CF4819BD4E09000AF04C /* Date PickerTests-Info.plist */ = {isa = PBXFileReference; lastKnownFileType = text.plist.xml; path = "Date PickerTests-Info.plist"; sourceTree = "<group>"; };
		7739CF4A19BD4E09000AF04C /* en */ = {isa = PBXFileReference; lastKnownFileType = text.plist.strings; name = en; path = en.lproj/InfoPlist.strings; sourceTree = "<group>"; };
		7739CF4C19BD4E09000AF04C /* Date_PickerTests.m */ = {isa = PBXFileReference; lastKnownFileType = sourcecode.c.objc; path = Date_PickerTests.m; sourceTree = "<group>"; };
/* End PBXFileReference section */

/* Begin PBXFrameworksBuildPhase section */
		7739CF1819BD4E08000AF04C /* Frameworks */ = {
			isa = PBXFrameworksBuildPhase;
			buildActionMask = 2147483647;
			files = (
				7739CF2119BD4E08000AF04C /* CoreGraphics.framework in Frameworks */,
				7739CF2319BD4E08000AF04C /* UIKit.framework in Frameworks */,
				7739CF1F19BD4E08000AF04C /* Foundation.framework in Frameworks */,
			);
			runOnlyForDeploymentPostprocessing = 0;
		};
		7739CF3C19BD4E09000AF04C /* Frameworks */ = {
			isa = PBXFrameworksBuildPhase;
			buildActionMask = 2147483647;
			files = (
				7739CF4119BD4E09000AF04C /* XCTest.framework in Frameworks */,
				7739CF4319BD4E09000AF04C /* UIKit.framework in Frameworks */,
				7739CF4219BD4E09000AF04C /* Foundation.framework in Frameworks */,
			);
			runOnlyForDeploymentPostprocessing = 0;
		};
/* End PBXFrameworksBuildPhase section */

/* Begin PBXGroup section */
		7739CF1219BD4E08000AF04C = {
			isa = PBXGroup;
			children = (
				7739CF2419BD4E08000AF04C /* Date Picker */,
				7739CF4619BD4E09000AF04C /* Date PickerTests */,
				7739CF1D19BD4E08000AF04C /* Frameworks */,
				7739CF1C19BD4E08000AF04C /* Products */,
			);
			sourceTree = "<group>";
		};
		7739CF1C19BD4E08000AF04C /* Products */ = {
			isa = PBXGroup;
			children = (
				7739CF1B19BD4E08000AF04C /* Date Picker.app */,
				7739CF3F19BD4E09000AF04C /* Date PickerTests.xctest */,
			);
			name = Products;
			sourceTree = "<group>";
		};
		7739CF1D19BD4E08000AF04C /* Frameworks */ = {
			isa = PBXGroup;
			children = (
				7739CF1E19BD4E08000AF04C /* Foundation.framework */,
				7739CF2019BD4E08000AF04C /* CoreGraphics.framework */,
				7739CF2219BD4E08000AF04C /* UIKit.framework */,
				7739CF4019BD4E09000AF04C /* XCTest.framework */,
			);
			name = Frameworks;
			sourceTree = "<group>";
		};
		7739CF2419BD4E08000AF04C /* Date Picker */ = {
			isa = PBXGroup;
			children = (
				7739CF2D19BD4E08000AF04C /* AppDelegate.h */,
				7739CF2E19BD4E08000AF04C /* AppDelegate.m */,
				7739CF3019BD4E08000AF04C /* Main_iPhone.storyboard */,
				7739CF3319BD4E08000AF04C /* Main_iPad.storyboard */,
				7739CF3619BD4E08000AF04C /* ViewController.h */,
				7739CF3719BD4E08000AF04C /* ViewController.m */,
				7739CF3919BD4E08000AF04C /* Images.xcassets */,
				7739CF2519BD4E08000AF04C /* Supporting Files */,
			);
			path = "Date Picker";
			sourceTree = "<group>";
		};
		7739CF2519BD4E08000AF04C /* Supporting Files */ = {
			isa = PBXGroup;
			children = (
				7739CF2619BD4E08000AF04C /* Date Picker-Info.plist */,
				7739CF2719BD4E08000AF04C /* InfoPlist.strings */,
				7739CF2A19BD4E08000AF04C /* main.m */,
				7739CF2C19BD4E08000AF04C /* Date Picker-Prefix.pch */,
			);
			name = "Supporting Files";
			sourceTree = "<group>";
		};
		7739CF4619BD4E09000AF04C /* Date PickerTests */ = {
			isa = PBXGroup;
			children = (
				7739CF4C19BD4E09000AF04C /* Date_PickerTests.m */,
				7739CF4719BD4E09000AF04C /* Supporting Files */,
			);
			path = "Date PickerTests";
			sourceTree = "<group>";
		};
		7739CF4719BD4E09000AF04C /* Supporting Files */ = {
			isa = PBXGroup;
			children = (
				7739CF4819BD4E09000AF04C /* Date PickerTests-Info.plist */,
				7739CF4919BD4E09000AF04C /* InfoPlist.strings */,
			);
			name = "Supporting Files";
			sourceTree = "<group>";
		};
/* End PBXGroup section */

/* Begin PBXNativeTarget section */
		7739CF1A19BD4E08000AF04C /* Date Picker */ = {
			isa = PBXNativeTarget;
			buildConfigurationList = 7739CF5019BD4E09000AF04C /* Build configuration list for PBXNativeTarget "Date Picker" */;
			buildPhases = (
				7739CF1719BD4E08000AF04C /* Sources */,
				7739CF1819BD4E08000AF04C /* Frameworks */,
				7739CF1919BD4E08000AF04C /* Resources */,
			);
			buildRules = (
			);
			dependencies = (
			);
			name = "Date Picker";
			productName = "Date Picker";
			productReference = 7739CF1B19BD4E08000AF04C /* Date Picker.app */;
			productType = "com.apple.product-type.application";
		};
		7739CF3E19BD4E09000AF04C /* Date PickerTests */ = {
			isa = PBXNativeTarget;
			buildConfigurationList = 7739CF5319BD4E09000AF04C /* Build configuration list for PBXNativeTarget "Date PickerTests" */;
			buildPhases = (
				7739CF3B19BD4E09000AF04C /* Sources */,
				7739CF3C19BD4E09000AF04C /* Frameworks */,
				7739CF3D19BD4E09000AF04C /* Resources */,
			);
			buildRules = (
			);
			dependencies = (
				7739CF4519BD4E09000AF04C /* PBXTargetDependency */,
			);
			name = "Date PickerTests";
			productName = "Date PickerTests";
			productReference = 7739CF3F19BD4E09000AF04C /* Date PickerTests.xctest */;
			productType = "com.apple.product-type.bundle.unit-test";
		};
/* End PBXNativeTarget section */

/* Begin PBXProject section */
		7739CF1319BD4E08000AF04C /* Project object */ = {
			isa = PBXProject;
			attributes = {
				LastUpgradeCheck = 0510;
				ORGANIZATIONNAME = "___Test___";
				TargetAttributes = {
					7739CF3E19BD4E09000AF04C = {
						TestTargetID = 7739CF1A19BD4E08000AF04C;
					};
				};
			};
			buildConfigurationList = 7739CF1619BD4E08000AF04C /* Build configuration list for PBXProject "Date Picker" */;
			compatibilityVersion = "Xcode 3.2";
			developmentRegion = English;
			hasScannedForEncodings = 0;
			knownRegions = (
				en,
				Base,
			);
			mainGroup = 7739CF1219BD4E08000AF04C;
			productRefGroup = 7739CF1C19BD4E08000AF04C /* Products */;
			projectDirPath = "";
			projectRoot = "";
			targets = (
				7739CF1A19BD4E08000AF04C /* Date Picker */,
				7739CF3E19BD4E09000AF04C /* Date PickerTests */,
			);
		};
/* End PBXProject section */

/* Begin PBXResourcesBuildPhase section */
		7739CF1919BD4E08000AF04C /* Resources */ = {
			isa = PBXResourcesBuildPhase;
			buildActionMask = 2147483647;
			files = (
				7739CF3519BD4E08000AF04C /* Main_iPad.storyboard in Resources */,
				7739CF3A19BD4E08000AF04C /* Images.xcassets in Resources */,
				7739CF3219BD4E08000AF04C /* Main_iPhone.storyboard in Resources */,
				7739CF2919BD4E08000AF04C /* InfoPlist.strings in Resources */,
			);
			runOnlyForDeploymentPostprocessing = 0;
		};
		7739CF3D19BD4E09000AF04C /* Resources */ = {
			isa = PBXResourcesBuildPhase;
			buildActionMask = 2147483647;
			files = (
				7739CF4B19BD4E09000AF04C /* InfoPlist.strings in Resources */,
			);
			runOnlyForDeploymentPostprocessing = 0;
		};
/* End PBXResourcesBuildPhase section */

/* Begin PBXSourcesBuildPhase section */
		7739CF1719BD4E08000AF04C /* Sources */ = {
			isa = PBXSourcesBuildPhase;
			buildActionMask = 2147483647;
			files = (
				7739CF3819BD4E08000AF04C /* ViewController.m in Sources */,
				7739CF2F19BD4E08000AF04C /* AppDelegate.m in Sources */,
				7739CF2B19BD4E08000AF04C /* main.m in Sources */,
			);
			runOnlyForDeploymentPostprocessing = 0;
		};
		7739CF3B19BD4E09000AF04C /* Sources */ = {
			isa = PBXSourcesBuildPhase;
			buildActionMask = 2147483647;
			files = (
				7739CF4D19BD4E09000AF04C /* Date_PickerTests.m in Sources */,
			);
			runOnlyForDeploymentPostprocessing = 0;
		};
/* End PBXSourcesBuildPhase section */

/* Begin PBXTargetDependency section */
		7739CF4519BD4E09000AF04C /* PBXTargetDependency */ = {
			isa = PBXTargetDependency;
			target = 7739CF1A19BD4E08000AF04C /* Date Picker */;
			targetProxy = 7739CF4419BD4E09000AF04C /* PBXContainerItemProxy */;
		};
/* End PBXTargetDependency section */

/* Begin PBXVariantGroup section */
		7739CF2719BD4E08000AF04C /* InfoPlist.strings */ = {
			isa = PBXVariantGroup;
			children = (
				7739CF2819BD4E08000AF04C /* en */,
			);
			name = InfoPlist.strings;
			sourceTree = "<group>";
		};
		7739CF3019BD4E08000AF04C /* Main_iPhone.storyboard */ = {
			isa = PBXVariantGroup;
			children = (
				7739CF3119BD4E08000AF04C /* Base */,
			);
			name = Main_iPhone.storyboard;
			sourceTree = "<group>";
		};
		7739CF3319BD4E08000AF04C /* Main_iPad.storyboard */ = {
			isa = PBXVariantGroup;
			children = (
				7739CF3419BD4E08000AF04C /* Base */,
			);
			name = Main_iPad.storyboard;
			sourceTree = "<group>";
		};
		7739CF4919BD4E09000AF04C /* InfoPlist.strings */ = {
			isa = PBXVariantGroup;
			children = (
				7739CF4A19BD4E09000AF04C /* en */,
			);
			name = InfoPlist.strings;
			sourceTree = "<group>";
		};
/* End PBXVariantGroup section */

/* Begin XCBuildConfiguration section */
		7739CF4E19BD4E09000AF04C /* Debug */ = {
			isa = XCBuildConfiguration;
			buildSettings = {
				ALWAYS_SEARCH_USER_PATHS = NO;
				CLANG_CXX_LANGUAGE_STANDARD = "gnu++0x";
				CLANG_CXX_LIBRARY = "libc++";
				CLANG_ENABLE_MODULES = YES;
				CLANG_ENABLE_OBJC_ARC = YES;
				CLANG_WARN_BOOL_CONVERSION = YES;
				CLANG_WARN_CONSTANT_CONVERSION = YES;
				CLANG_WARN_DIRECT_OBJC_ISA_USAGE = YES_ERROR;
				CLANG_WARN_EMPTY_BODY = YES;
				CLANG_WARN_ENUM_CONVERSION = YES;
				CLANG_WARN_INT_CONVERSION = YES;
				CLANG_WARN_OBJC_ROOT_CLASS = YES_ERROR;
				CLANG_WARN__DUPLICATE_METHOD_MATCH = YES;
				"CODE_SIGN_IDENTITY[sdk=iphoneos*]" = "iPhone Developer";
				COPY_PHASE_STRIP = NO;
				GCC_C_LANGUAGE_STANDARD = gnu99;
				GCC_DYNAMIC_NO_PIC = NO;
				GCC_OPTIMIZATION_LEVEL = 0;
				GCC_PREPROCESSOR_DEFINITIONS = (
					"DEBUG=1",
					"$(inherited)",
				);
				GCC_SYMBOLS_PRIVATE_EXTERN = NO;
				GCC_WARN_64_TO_32_BIT_CONVERSION = YES;
				GCC_WARN_ABOUT_RETURN_TYPE = YES_ERROR;
				GCC_WARN_UNDECLARED_SELECTOR = YES;
				GCC_WARN_UNINITIALIZED_AUTOS = YES_AGGRESSIVE;
				GCC_WARN_UNUSED_FUNCTION = YES;
				GCC_WARN_UNUSED_VARIABLE = YES;
				IPHONEOS_DEPLOYMENT_TARGET = 7.1;
				ONLY_ACTIVE_ARCH = YES;
				SDKROOT = iphoneos;
				TARGETED_DEVICE_FAMILY = "1,2";
			};
			name = Debug;
		};
		7739CF4F19BD4E09000AF04C /* Release */ = {
			isa = XCBuildConfiguration;
			buildSettings = {
				ALWAYS_SEARCH_USER_PATHS = NO;
				CLANG_CXX_LANGUAGE_STANDARD = "gnu++0x";
				CLANG_CXX_LIBRARY = "libc++";
				CLANG_ENABLE_MODULES = YES;
				CLANG_ENABLE_OBJC_ARC = YES;
				CLANG_WARN_BOOL_CONVERSION = YES;
				CLANG_WARN_CONSTANT_CONVERSION = YES;
				CLANG_WARN_DIRECT_OBJC_ISA_USAGE = YES_ERROR;
				CLANG_WARN_EMPTY_BODY = YES;
				CLANG_WARN_ENUM_CONVERSION = YES;
				CLANG_WARN_INT_CONVERSION = YES;
				CLANG_WARN_OBJC_ROOT_CLASS = YES_ERROR;
				CLANG_WARN__DUPLICATE_METHOD_MATCH = YES;
				"CODE_SIGN_IDENTITY[sdk=iphoneos*]" = "iPhone Developer";
				COPY_PHASE_STRIP = YES;
				ENABLE_NS_ASSERTIONS = NO;
				GCC_C_LANGUAGE_STANDARD = gnu99;
				GCC_WARN_64_TO_32_BIT_CONVERSION = YES;
				GCC_WARN_ABOUT_RETURN_TYPE = YES_ERROR;
				GCC_WARN_UNDECLARED_SELECTOR = YES;
				GCC_WARN_UNINITIALIZED_AUTOS = YES_AGGRESSIVE;
				GCC_WARN_UNUSED_FUNCTION = YES;
				GCC_WARN_UNUSED_VARIABLE = YES;
				IPHONEOS_DEPLOYMENT_TARGET = 7.1;
				SDKROOT = iphoneos;
				TARGETED_DEVICE_FAMILY = "1,2";
				VALIDATE_PRODUCT = YES;
			};
			name = Release;
		};
		7739CF5119BD4E09000AF04C /* Debug */ = {
			isa = XCBuildConfiguration;
			buildSettings = {
				ASSETCATALOG_COMPILER_APPICON_NAME = AppIcon;
				ASSETCATALOG_COMPILER_LAUNCHIMAGE_NAME = LaunchImage;
				GCC_PRECOMPILE_PREFIX_HEADER = YES;
				GCC_PREFIX_HEADER = "Date Picker/Date Picker-Prefix.pch";
				INFOPLIST_FILE = "Date Picker/Date Picker-Info.plist";
				PRODUCT_NAME = "$(TARGET_NAME)";
				WRAPPER_EXTENSION = app;
			};
			name = Debug;
		};
		7739CF5219BD4E09000AF04C /* Release */ = {
			isa = XCBuildConfiguration;
			buildSettings = {
				ASSETCATALOG_COMPILER_APPICON_NAME = AppIcon;
				ASSETCATALOG_COMPILER_LAUNCHIMAGE_NAME = LaunchImage;
				GCC_PRECOMPILE_PREFIX_HEADER = YES;
				GCC_PREFIX_HEADER = "Date Picker/Date Picker-Prefix.pch";
				INFOPLIST_FILE = "Date Picker/Date Picker-Info.plist";
				PRODUCT_NAME = "$(TARGET_NAME)";
				WRAPPER_EXTENSION = app;
			};
			name = Release;
		};
		7739CF5419BD4E09000AF04C /* Debug */ = {
			isa = XCBuildConfiguration;
			buildSettings = {
				BUNDLE_LOADER = "$(BUILT_PRODUCTS_DIR)/Date Picker.app/Date Picker";
				FRAMEWORK_SEARCH_PATHS = (
					"$(SDKROOT)/Developer/Library/Frameworks",
					"$(inherited)",
					"$(DEVELOPER_FRAMEWORKS_DIR)",
				);
				GCC_PRECOMPILE_PREFIX_HEADER = YES;
				GCC_PREFIX_HEADER = "Date Picker/Date Picker-Prefix.pch";
				GCC_PREPROCESSOR_DEFINITIONS = (
					"DEBUG=1",
					"$(inherited)",
				);
				INFOPLIST_FILE = "Date PickerTests/Date PickerTests-Info.plist";
				PRODUCT_NAME = "$(TARGET_NAME)";
				TEST_HOST = "$(BUNDLE_LOADER)";
				WRAPPER_EXTENSION = xctest;
			};
			name = Debug;
		};
		7739CF5519BD4E09000AF04C /* Release */ = {
			isa = XCBuildConfiguration;
			buildSettings = {
				BUNDLE_LOADER = "$(BUILT_PRODUCTS_DIR)/Date Picker.app/Date Picker";
				FRAMEWORK_SEARCH_PATHS = (
					"$(SDKROOT)/Developer/Library/Frameworks",
					"$(inherited)",
					"$(DEVELOPER_FRAMEWORKS_DIR)",
				);
				GCC_PRECOMPILE_PREFIX_HEADER = YES;
				GCC_PREFIX_HEADER = "Date Picker/Date Picker-Prefix.pch";
				INFOPLIST_FILE = "Date PickerTests/Date PickerTests-Info.plist";
				PRODUCT_NAME = "$(TARGET_NAME)";
				TEST_HOST = "$(BUNDLE_LOADER)";
				WRAPPER_EXTENSION = xctest;
			};
			name = Release;
		};
/* End XCBuildConfiguration section */

/* Begin XCConfigurationList section */
		7739CF1619BD4E08000AF04C /* Build configuration list for PBXProject "Date Picker" */ = {
			isa = XCConfigurationList;
			buildConfigurations = (
				7739CF4E19BD4E09000AF04C /* Debug */,
				7739CF4F19BD4E09000AF04C /* Release */,
			);
			defaultConfigurationIsVisible = 0;
			defaultConfigurationName = Release;
		};
		7739CF5019BD4E09000AF04C /* Build configuration list for PBXNativeTarget "Date Picker" */ = {
			isa = XCConfigurationList;
			buildConfigurations = (
				7739CF5119BD4E09000AF04C /* Debug */,
				7739CF5219BD4E09000AF04C /* Release */,
			);
			defaultConfigurationIsVisible = 0;
		};
		7739CF5319BD4E09000AF04C /* Build configuration list for PBXNativeTarget "Date PickerTests" */ = {
			isa = XCConfigurationList;
			buildConfigurations = (
				7739CF5419BD4E09000AF04C /* Debug */,
				7739CF5519BD4E09000AF04C /* Release */,
			);
			defaultConfigurationIsVisible = 0;
		};
/* End XCConfigurationList section */
	};
	rootObject = 7739CF1319BD4E08000AF04C /* Project object */;
}
