// !$*UTF8*$!
{
	archiveVersion = 1;
	classes = {
	};
	objectVersion = 46;
	objects = {

/* Begin PBXBuildFile section */
		770CE44819B818E500CDD555 /* Foundation.framework in Frameworks */ = {isa = PBXBuildFile; fileRef = 770CE44719B818E500CDD555 /* Foundation.framework */; };
		770CE44A19B818E500CDD555 /* CoreGraphics.framework in Frameworks */ = {isa = PBXBuildFile; fileRef = 770CE44919B818E500CDD555 /* CoreGraphics.framework */; };
		770CE44C19B818E500CDD555 /* UIKit.framework in Frameworks */ = {isa = PBXBuildFile; fileRef = 770CE44B19B818E500CDD555 /* UIKit.framework */; };
		770CE45219B818E500CDD555 /* InfoPlist.strings in Resources */ = {isa = PBXBuildFile; fileRef = 770CE45019B818E500CDD555 /* InfoPlist.strings */; };
		770CE45419B818E500CDD555 /* main.m in Sources */ = {isa = PBXBuildFile; fileRef = 770CE45319B818E500CDD555 /* main.m */; };
		770CE45819B818E500CDD555 /* AppDelegate.m in Sources */ = {isa = PBXBuildFile; fileRef = 770CE45719B818E500CDD555 /* AppDelegate.m */; };
		770CE45B19B818E500CDD555 /* Main_iPhone.storyboard in Resources */ = {isa = PBXBuildFile; fileRef = 770CE45919B818E500CDD555 /* Main_iPhone.storyboard */; };
		770CE45E19B818E500CDD555 /* Main_iPad.storyboard in Resources */ = {isa = PBXBuildFile; fileRef = 770CE45C19B818E500CDD555 /* Main_iPad.storyboard */; };
		770CE46119B818E500CDD555 /* ViewController.m in Sources */ = {isa = PBXBuildFile; fileRef = 770CE46019B818E500CDD555 /* ViewController.m */; };
		770CE46319B818E500CDD555 /* Images.xcassets in Resources */ = {isa = PBXBuildFile; fileRef = 770CE46219B818E500CDD555 /* Images.xcassets */; };
		770CE46A19B818E500CDD555 /* XCTest.framework in Frameworks */ = {isa = PBXBuildFile; fileRef = 770CE46919B818E500CDD555 /* XCTest.framework */; };
		770CE46B19B818E500CDD555 /* Foundation.framework in Frameworks */ = {isa = PBXBuildFile; fileRef = 770CE44719B818E500CDD555 /* Foundation.framework */; };
		770CE46C19B818E500CDD555 /* UIKit.framework in Frameworks */ = {isa = PBXBuildFile; fileRef = 770CE44B19B818E500CDD555 /* UIKit.framework */; };
		770CE47419B818E500CDD555 /* InfoPlist.strings in Resources */ = {isa = PBXBuildFile; fileRef = 770CE47219B818E500CDD555 /* InfoPlist.strings */; };
		770CE47619B818E500CDD555 /* AlertTests.m in Sources */ = {isa = PBXBuildFile; fileRef = 770CE47519B818E500CDD555 /* AlertTests.m */; };
/* End PBXBuildFile section */

/* Begin PBXContainerItemProxy section */
		770CE46D19B818E500CDD555 /* PBXContainerItemProxy */ = {
			isa = PBXContainerItemProxy;
			containerPortal = 770CE43C19B818E500CDD555 /* Project object */;
			proxyType = 1;
			remoteGlobalIDString = 770CE44319B818E500CDD555;
			remoteInfo = Alert;
		};
/* End PBXContainerItemProxy section */

/* Begin PBXFileReference section */
		770CE44419B818E500CDD555 /* Alert.app */ = {isa = PBXFileReference; explicitFileType = wrapper.application; includeInIndex = 0; path = Alert.app; sourceTree = BUILT_PRODUCTS_DIR; };
		770CE44719B818E500CDD555 /* Foundation.framework */ = {isa = PBXFileReference; lastKnownFileType = wrapper.framework; name = Foundation.framework; path = System/Library/Frameworks/Foundation.framework; sourceTree = SDKROOT; };
		770CE44919B818E500CDD555 /* CoreGraphics.framework */ = {isa = PBXFileReference; lastKnownFileType = wrapper.framework; name = CoreGraphics.framework; path = System/Library/Frameworks/CoreGraphics.framework; sourceTree = SDKROOT; };
		770CE44B19B818E500CDD555 /* UIKit.framework */ = {isa = PBXFileReference; lastKnownFileType = wrapper.framework; name = UIKit.framework; path = System/Library/Frameworks/UIKit.framework; sourceTree = SDKROOT; };
		770CE44F19B818E500CDD555 /* Alert-Info.plist */ = {isa = PBXFileReference; lastKnownFileType = text.plist.xml; path = "Alert-Info.plist"; sourceTree = "<group>"; };
		770CE45119B818E500CDD555 /* en */ = {isa = PBXFileReference; lastKnownFileType = text.plist.strings; name = en; path = en.lproj/InfoPlist.strings; sourceTree = "<group>"; };
		770CE45319B818E500CDD555 /* main.m */ = {isa = PBXFileReference; lastKnownFileType = sourcecode.c.objc; path = main.m; sourceTree = "<group>"; };
		770CE45519B818E500CDD555 /* Alert-Prefix.pch */ = {isa = PBXFileReference; lastKnownFileType = sourcecode.c.h; path = "Alert-Prefix.pch"; sourceTree = "<group>"; };
		770CE45619B818E500CDD555 /* AppDelegate.h */ = {isa = PBXFileReference; lastKnownFileType = sourcecode.c.h; path = AppDelegate.h; sourceTree = "<group>"; };
		770CE45719B818E500CDD555 /* AppDelegate.m */ = {isa = PBXFileReference; lastKnownFileType = sourcecode.c.objc; path = AppDelegate.m; sourceTree = "<group>"; };
		770CE45A19B818E500CDD555 /* Base */ = {isa = PBXFileReference; lastKnownFileType = file.storyboard; name = Base; path = Base.lproj/Main_iPhone.storyboard; sourceTree = "<group>"; };
		770CE45D19B818E500CDD555 /* Base */ = {isa = PBXFileReference; lastKnownFileType = file.storyboard; name = Base; path = Base.lproj/Main_iPad.storyboard; sourceTree = "<group>"; };
		770CE45F19B818E500CDD555 /* ViewController.h */ = {isa = PBXFileReference; lastKnownFileType = sourcecode.c.h; path = ViewController.h; sourceTree = "<group>"; };
		770CE46019B818E500CDD555 /* ViewController.m */ = {isa = PBXFileReference; lastKnownFileType = sourcecode.c.objc; path = ViewController.m; sourceTree = "<group>"; };
		770CE46219B818E500CDD555 /* Images.xcassets */ = {isa = PBXFileReference; lastKnownFileType = folder.assetcatalog; path = Images.xcassets; sourceTree = "<group>"; };
		770CE46819B818E500CDD555 /* AlertTests.xctest */ = {isa = PBXFileReference; explicitFileType = wrapper.cfbundle; includeInIndex = 0; path = AlertTests.xctest; sourceTree = BUILT_PRODUCTS_DIR; };
		770CE46919B818E500CDD555 /* XCTest.framework */ = {isa = PBXFileReference; lastKnownFileType = wrapper.framework; name = XCTest.framework; path = Library/Frameworks/XCTest.framework; sourceTree = DEVELOPER_DIR; };
		770CE47119B818E500CDD555 /* AlertTests-Info.plist */ = {isa = PBXFileReference; lastKnownFileType = text.plist.xml; path = "AlertTests-Info.plist"; sourceTree = "<group>"; };
		770CE47319B818E500CDD555 /* en */ = {isa = PBXFileReference; lastKnownFileType = text.plist.strings; name = en; path = en.lproj/InfoPlist.strings; sourceTree = "<group>"; };
		770CE47519B818E500CDD555 /* AlertTests.m */ = {isa = PBXFileReference; lastKnownFileType = sourcecode.c.objc; path = AlertTests.m; sourceTree = "<group>"; };
/* End PBXFileReference section */

/* Begin PBXFrameworksBuildPhase section */
		770CE44119B818E500CDD555 /* Frameworks */ = {
			isa = PBXFrameworksBuildPhase;
			buildActionMask = 2147483647;
			files = (
				770CE44A19B818E500CDD555 /* CoreGraphics.framework in Frameworks */,
				770CE44C19B818E500CDD555 /* UIKit.framework in Frameworks */,
				770CE44819B818E500CDD555 /* Foundation.framework in Frameworks */,
			);
			runOnlyForDeploymentPostprocessing = 0;
		};
		770CE46519B818E500CDD555 /* Frameworks */ = {
			isa = PBXFrameworksBuildPhase;
			buildActionMask = 2147483647;
			files = (
				770CE46A19B818E500CDD555 /* XCTest.framework in Frameworks */,
				770CE46C19B818E500CDD555 /* UIKit.framework in Frameworks */,
				770CE46B19B818E500CDD555 /* Foundation.framework in Frameworks */,
			);
			runOnlyForDeploymentPostprocessing = 0;
		};
/* End PBXFrameworksBuildPhase section */

/* Begin PBXGroup section */
		770CE43B19B818E500CDD555 = {
			isa = PBXGroup;
			children = (
				770CE44D19B818E500CDD555 /* Alert */,
				770CE46F19B818E500CDD555 /* AlertTests */,
				770CE44619B818E500CDD555 /* Frameworks */,
				770CE44519B818E500CDD555 /* Products */,
			);
			sourceTree = "<group>";
		};
		770CE44519B818E500CDD555 /* Products */ = {
			isa = PBXGroup;
			children = (
				770CE44419B818E500CDD555 /* Alert.app */,
				770CE46819B818E500CDD555 /* AlertTests.xctest */,
			);
			name = Products;
			sourceTree = "<group>";
		};
		770CE44619B818E500CDD555 /* Frameworks */ = {
			isa = PBXGroup;
			children = (
				770CE44719B818E500CDD555 /* Foundation.framework */,
				770CE44919B818E500CDD555 /* CoreGraphics.framework */,
				770CE44B19B818E500CDD555 /* UIKit.framework */,
				770CE46919B818E500CDD555 /* XCTest.framework */,
			);
			name = Frameworks;
			sourceTree = "<group>";
		};
		770CE44D19B818E500CDD555 /* Alert */ = {
			isa = PBXGroup;
			children = (
				770CE45619B818E500CDD555 /* AppDelegate.h */,
				770CE45719B818E500CDD555 /* AppDelegate.m */,
				770CE45919B818E500CDD555 /* Main_iPhone.storyboard */,
				770CE45C19B818E500CDD555 /* Main_iPad.storyboard */,
				770CE45F19B818E500CDD555 /* ViewController.h */,
				770CE46019B818E500CDD555 /* ViewController.m */,
				770CE46219B818E500CDD555 /* Images.xcassets */,
				770CE44E19B818E500CDD555 /* Supporting Files */,
			);
			path = Alert;
			sourceTree = "<group>";
		};
		770CE44E19B818E500CDD555 /* Supporting Files */ = {
			isa = PBXGroup;
			children = (
				770CE44F19B818E500CDD555 /* Alert-Info.plist */,
				770CE45019B818E500CDD555 /* InfoPlist.strings */,
				770CE45319B818E500CDD555 /* main.m */,
				770CE45519B818E500CDD555 /* Alert-Prefix.pch */,
			);
			name = "Supporting Files";
			sourceTree = "<group>";
		};
		770CE46F19B818E500CDD555 /* AlertTests */ = {
			isa = PBXGroup;
			children = (
				770CE47519B818E500CDD555 /* AlertTests.m */,
				770CE47019B818E500CDD555 /* Supporting Files */,
			);
			path = AlertTests;
			sourceTree = "<group>";
		};
		770CE47019B818E500CDD555 /* Supporting Files */ = {
			isa = PBXGroup;
			children = (
				770CE47119B818E500CDD555 /* AlertTests-Info.plist */,
				770CE47219B818E500CDD555 /* InfoPlist.strings */,
			);
			name = "Supporting Files";
			sourceTree = "<group>";
		};
/* End PBXGroup section */

/* Begin PBXNativeTarget section */
		770CE44319B818E500CDD555 /* Alert */ = {
			isa = PBXNativeTarget;
			buildConfigurationList = 770CE47919B818E500CDD555 /* Build configuration list for PBXNativeTarget "Alert" */;
			buildPhases = (
				770CE44019B818E500CDD555 /* Sources */,
				770CE44119B818E500CDD555 /* Frameworks */,
				770CE44219B818E500CDD555 /* Resources */,
			);
			buildRules = (
			);
			dependencies = (
			);
			name = Alert;
			productName = Alert;
			productReference = 770CE44419B818E500CDD555 /* Alert.app */;
			productType = "com.apple.product-type.application";
		};
		770CE46719B818E500CDD555 /* AlertTests */ = {
			isa = PBXNativeTarget;
			buildConfigurationList = 770CE47C19B818E500CDD555 /* Build configuration list for PBXNativeTarget "AlertTests" */;
			buildPhases = (
				770CE46419B818E500CDD555 /* Sources */,
				770CE46519B818E500CDD555 /* Frameworks */,
				770CE46619B818E500CDD555 /* Resources */,
			);
			buildRules = (
			);
			dependencies = (
				770CE46E19B818E500CDD555 /* PBXTargetDependency */,
			);
			name = AlertTests;
			productName = AlertTests;
			productReference = 770CE46819B818E500CDD555 /* AlertTests.xctest */;
			productType = "com.apple.product-type.bundle.unit-test";
		};
/* End PBXNativeTarget section */

/* Begin PBXProject section */
		770CE43C19B818E500CDD555 /* Project object */ = {
			isa = PBXProject;
			attributes = {
				LastUpgradeCheck = 0510;
				ORGANIZATIONNAME = "___Test___";
				TargetAttributes = {
					770CE46719B818E500CDD555 = {
						TestTargetID = 770CE44319B818E500CDD555;
					};
				};
			};
			buildConfigurationList = 770CE43F19B818E500CDD555 /* Build configuration list for PBXProject "Alert" */;
			compatibilityVersion = "Xcode 3.2";
			developmentRegion = English;
			hasScannedForEncodings = 0;
			knownRegions = (
				en,
				Base,
			);
			mainGroup = 770CE43B19B818E500CDD555;
			productRefGroup = 770CE44519B818E500CDD555 /* Products */;
			projectDirPath = "";
			projectRoot = "";
			targets = (
				770CE44319B818E500CDD555 /* Alert */,
				770CE46719B818E500CDD555 /* AlertTests */,
			);
		};
/* End PBXProject section */

/* Begin PBXResourcesBuildPhase section */
		770CE44219B818E500CDD555 /* Resources */ = {
			isa = PBXResourcesBuildPhase;
			buildActionMask = 2147483647;
			files = (
				770CE45E19B818E500CDD555 /* Main_iPad.storyboard in Resources */,
				770CE46319B818E500CDD555 /* Images.xcassets in Resources */,
				770CE45B19B818E500CDD555 /* Main_iPhone.storyboard in Resources */,
				770CE45219B818E500CDD555 /* InfoPlist.strings in Resources */,
			);
			runOnlyForDeploymentPostprocessing = 0;
		};
		770CE46619B818E500CDD555 /* Resources */ = {
			isa = PBXResourcesBuildPhase;
			buildActionMask = 2147483647;
			files = (
				770CE47419B818E500CDD555 /* InfoPlist.strings in Resources */,
			);
			runOnlyForDeploymentPostprocessing = 0;
		};
/* End PBXResourcesBuildPhase section */

/* Begin PBXSourcesBuildPhase section */
		770CE44019B818E500CDD555 /* Sources */ = {
			isa = PBXSourcesBuildPhase;
			buildActionMask = 2147483647;
			files = (
				770CE46119B818E500CDD555 /* ViewController.m in Sources */,
				770CE45819B818E500CDD555 /* AppDelegate.m in Sources */,
				770CE45419B818E500CDD555 /* main.m in Sources */,
			);
			runOnlyForDeploymentPostprocessing = 0;
		};
		770CE46419B818E500CDD555 /* Sources */ = {
			isa = PBXSourcesBuildPhase;
			buildActionMask = 2147483647;
			files = (
				770CE47619B818E500CDD555 /* AlertTests.m in Sources */,
			);
			runOnlyForDeploymentPostprocessing = 0;
		};
/* End PBXSourcesBuildPhase section */

/* Begin PBXTargetDependency section */
		770CE46E19B818E500CDD555 /* PBXTargetDependency */ = {
			isa = PBXTargetDependency;
			target = 770CE44319B818E500CDD555 /* Alert */;
			targetProxy = 770CE46D19B818E500CDD555 /* PBXContainerItemProxy */;
		};
/* End PBXTargetDependency section */

/* Begin PBXVariantGroup section */
		770CE45019B818E500CDD555 /* InfoPlist.strings */ = {
			isa = PBXVariantGroup;
			children = (
				770CE45119B818E500CDD555 /* en */,
			);
			name = InfoPlist.strings;
			sourceTree = "<group>";
		};
		770CE45919B818E500CDD555 /* Main_iPhone.storyboard */ = {
			isa = PBXVariantGroup;
			children = (
				770CE45A19B818E500CDD555 /* Base */,
			);
			name = Main_iPhone.storyboard;
			sourceTree = "<group>";
		};
		770CE45C19B818E500CDD555 /* Main_iPad.storyboard */ = {
			isa = PBXVariantGroup;
			children = (
				770CE45D19B818E500CDD555 /* Base */,
			);
			name = Main_iPad.storyboard;
			sourceTree = "<group>";
		};
		770CE47219B818E500CDD555 /* InfoPlist.strings */ = {
			isa = PBXVariantGroup;
			children = (
				770CE47319B818E500CDD555 /* en */,
			);
			name = InfoPlist.strings;
			sourceTree = "<group>";
		};
/* End PBXVariantGroup section */

/* Begin XCBuildConfiguration section */
		770CE47719B818E500CDD555 /* Debug */ = {
			isa = XCBuildConfiguration;
			buildSettings = {
				ALWAYS_SEARCH_USER_PATHS = NO;
				CLANG_CXX_LANGUAGE_STANDARD = "gnu++0x";
				CLANG_CXX_LIBRARY = "libc++";
				CLANG_ENABLE_MODULES = YES;
				CLANG_ENABLE_OBJC_ARC = YES;
				CLANG_WARN_BOOL_CONVERSION = YES;
				CLANG_WARN_CONSTANT_CONVERSION = YES;
				CLANG_WARN_DIRECT_OBJC_ISA_USAGE = YES_ERROR;
				CLANG_WARN_EMPTY_BODY = YES;
				CLANG_WARN_ENUM_CONVERSION = YES;
				CLANG_WARN_INT_CONVERSION = YES;
				CLANG_WARN_OBJC_ROOT_CLASS = YES_ERROR;
				CLANG_WARN__DUPLICATE_METHOD_MATCH = YES;
				"CODE_SIGN_IDENTITY[sdk=iphoneos*]" = "iPhone Developer";
				COPY_PHASE_STRIP = NO;
				GCC_C_LANGUAGE_STANDARD = gnu99;
				GCC_DYNAMIC_NO_PIC = NO;
				GCC_OPTIMIZATION_LEVEL = 0;
				GCC_PREPROCESSOR_DEFINITIONS = (
					"DEBUG=1",
					"$(inherited)",
				);
				GCC_SYMBOLS_PRIVATE_EXTERN = NO;
				GCC_WARN_64_TO_32_BIT_CONVERSION = YES;
				GCC_WARN_ABOUT_RETURN_TYPE = YES_ERROR;
				GCC_WARN_UNDECLARED_SELECTOR = YES;
				GCC_WARN_UNINITIALIZED_AUTOS = YES_AGGRESSIVE;
				GCC_WARN_UNUSED_FUNCTION = YES;
				GCC_WARN_UNUSED_VARIABLE = YES;
				IPHONEOS_DEPLOYMENT_TARGET = 7.1;
				ONLY_ACTIVE_ARCH = YES;
				SDKROOT = iphoneos;
				TARGETED_DEVICE_FAMILY = "1,2";
			};
			name = Debug;
		};
		770CE47819B818E500CDD555 /* Release */ = {
			isa = XCBuildConfiguration;
			buildSettings = {
				ALWAYS_SEARCH_USER_PATHS = NO;
				CLANG_CXX_LANGUAGE_STANDARD = "gnu++0x";
				CLANG_CXX_LIBRARY = "libc++";
				CLANG_ENABLE_MODULES = YES;
				CLANG_ENABLE_OBJC_ARC = YES;
				CLANG_WARN_BOOL_CONVERSION = YES;
				CLANG_WARN_CONSTANT_CONVERSION = YES;
				CLANG_WARN_DIRECT_OBJC_ISA_USAGE = YES_ERROR;
				CLANG_WARN_EMPTY_BODY = YES;
				CLANG_WARN_ENUM_CONVERSION = YES;
				CLANG_WARN_INT_CONVERSION = YES;
				CLANG_WARN_OBJC_ROOT_CLASS = YES_ERROR;
				CLANG_WARN__DUPLICATE_METHOD_MATCH = YES;
				"CODE_SIGN_IDENTITY[sdk=iphoneos*]" = "iPhone Developer";
				COPY_PHASE_STRIP = YES;
				ENABLE_NS_ASSERTIONS = NO;
				GCC_C_LANGUAGE_STANDARD = gnu99;
				GCC_WARN_64_TO_32_BIT_CONVERSION = YES;
				GCC_WARN_ABOUT_RETURN_TYPE = YES_ERROR;
				GCC_WARN_UNDECLARED_SELECTOR = YES;
				GCC_WARN_UNINITIALIZED_AUTOS = YES_AGGRESSIVE;
				GCC_WARN_UNUSED_FUNCTION = YES;
				GCC_WARN_UNUSED_VARIABLE = YES;
				IPHONEOS_DEPLOYMENT_TARGET = 7.1;
				SDKROOT = iphoneos;
				TARGETED_DEVICE_FAMILY = "1,2";
				VALIDATE_PRODUCT = YES;
			};
			name = Release;
		};
		770CE47A19B818E500CDD555 /* Debug */ = {
			isa = XCBuildConfiguration;
			buildSettings = {
				ASSETCATALOG_COMPILER_APPICON_NAME = AppIcon;
				ASSETCATALOG_COMPILER_LAUNCHIMAGE_NAME = LaunchImage;
				GCC_PRECOMPILE_PREFIX_HEADER = YES;
				GCC_PREFIX_HEADER = "Alert/Alert-Prefix.pch";
				INFOPLIST_FILE = "Alert/Alert-Info.plist";
				PRODUCT_NAME = "$(TARGET_NAME)";
				WRAPPER_EXTENSION = app;
			};
			name = Debug;
		};
		770CE47B19B818E500CDD555 /* Release */ = {
			isa = XCBuildConfiguration;
			buildSettings = {
				ASSETCATALOG_COMPILER_APPICON_NAME = AppIcon;
				ASSETCATALOG_COMPILER_LAUNCHIMAGE_NAME = LaunchImage;
				GCC_PRECOMPILE_PREFIX_HEADER = YES;
				GCC_PREFIX_HEADER = "Alert/Alert-Prefix.pch";
				INFOPLIST_FILE = "Alert/Alert-Info.plist";
				PRODUCT_NAME = "$(TARGET_NAME)";
				WRAPPER_EXTENSION = app;
			};
			name = Release;
		};
		770CE47D19B818E500CDD555 /* Debug */ = {
			isa = XCBuildConfiguration;
			buildSettings = {
				BUNDLE_LOADER = "$(BUILT_PRODUCTS_DIR)/Alert.app/Alert";
				FRAMEWORK_SEARCH_PATHS = (
					"$(SDKROOT)/Developer/Library/Frameworks",
					"$(inherited)",
					"$(DEVELOPER_FRAMEWORKS_DIR)",
				);
				GCC_PRECOMPILE_PREFIX_HEADER = YES;
				GCC_PREFIX_HEADER = "Alert/Alert-Prefix.pch";
				GCC_PREPROCESSOR_DEFINITIONS = (
					"DEBUG=1",
					"$(inherited)",
				);
				INFOPLIST_FILE = "AlertTests/AlertTests-Info.plist";
				PRODUCT_NAME = "$(TARGET_NAME)";
				TEST_HOST = "$(BUNDLE_LOADER)";
				WRAPPER_EXTENSION = xctest;
			};
			name = Debug;
		};
		770CE47E19B818E500CDD555 /* Release */ = {
			isa = XCBuildConfiguration;
			buildSettings = {
				BUNDLE_LOADER = "$(BUILT_PRODUCTS_DIR)/Alert.app/Alert";
				FRAMEWORK_SEARCH_PATHS = (
					"$(SDKROOT)/Developer/Library/Frameworks",
					"$(inherited)",
					"$(DEVELOPER_FRAMEWORKS_DIR)",
				);
				GCC_PRECOMPILE_PREFIX_HEADER = YES;
				GCC_PREFIX_HEADER = "Alert/Alert-Prefix.pch";
				INFOPLIST_FILE = "AlertTests/AlertTests-Info.plist";
				PRODUCT_NAME = "$(TARGET_NAME)";
				TEST_HOST = "$(BUNDLE_LOADER)";
				WRAPPER_EXTENSION = xctest;
			};
			name = Release;
		};
/* End XCBuildConfiguration section */

/* Begin XCConfigurationList section */
		770CE43F19B818E500CDD555 /* Build configuration list for PBXProject "Alert" */ = {
			isa = XCConfigurationList;
			buildConfigurations = (
				770CE47719B818E500CDD555 /* Debug */,
				770CE47819B818E500CDD555 /* Release */,
			);
			defaultConfigurationIsVisible = 0;
			defaultConfigurationName = Release;
		};
		770CE47919B818E500CDD555 /* Build configuration list for PBXNativeTarget "Alert" */ = {
			isa = XCConfigurationList;
			buildConfigurations = (
				770CE47A19B818E500CDD555 /* Debug */,
				770CE47B19B818E500CDD555 /* Release */,
			);
			defaultConfigurationIsVisible = 0;
		};
		770CE47C19B818E500CDD555 /* Build configuration list for PBXNativeTarget "AlertTests" */ = {
			isa = XCConfigurationList;
			buildConfigurations = (
				770CE47D19B818E500CDD555 /* Debug */,
				770CE47E19B818E500CDD555 /* Release */,
			);
			defaultConfigurationIsVisible = 0;
		};
/* End XCConfigurationList section */
	};
	rootObject = 770CE43C19B818E500CDD555 /* Project object */;
}
