// !$*UTF8*$!
{
	archiveVersion = 1;
	classes = {
	};
	objectVersion = 46;
	objects = {

/* Begin PBXBuildFile section */
		773E531519C8215E003C1569 /* Foundation.framework in Frameworks */ = {isa = PBXBuildFile; fileRef = 773E531419C8215E003C1569 /* Foundation.framework */; };
		773E531719C8215E003C1569 /* CoreGraphics.framework in Frameworks */ = {isa = PBXBuildFile; fileRef = 773E531619C8215E003C1569 /* CoreGraphics.framework */; };
		773E531919C8215E003C1569 /* UIKit.framework in Frameworks */ = {isa = PBXBuildFile; fileRef = 773E531819C8215E003C1569 /* UIKit.framework */; };
		773E531F19C8215E003C1569 /* InfoPlist.strings in Resources */ = {isa = PBXBuildFile; fileRef = 773E531D19C8215E003C1569 /* InfoPlist.strings */; };
		773E532119C8215E003C1569 /* main.m in Sources */ = {isa = PBXBuildFile; fileRef = 773E532019C8215E003C1569 /* main.m */; };
		773E532519C8215E003C1569 /* AppDelegate.m in Sources */ = {isa = PBXBuildFile; fileRef = 773E532419C8215E003C1569 /* AppDelegate.m */; };
		773E532719C8215E003C1569 /* Images.xcassets in Resources */ = {isa = PBXBuildFile; fileRef = 773E532619C8215E003C1569 /* Images.xcassets */; };
		773E532E19C8215E003C1569 /* XCTest.framework in Frameworks */ = {isa = PBXBuildFile; fileRef = 773E532D19C8215E003C1569 /* XCTest.framework */; };
		773E532F19C8215E003C1569 /* Foundation.framework in Frameworks */ = {isa = PBXBuildFile; fileRef = 773E531419C8215E003C1569 /* Foundation.framework */; };
		773E533019C8215E003C1569 /* UIKit.framework in Frameworks */ = {isa = PBXBuildFile; fileRef = 773E531819C8215E003C1569 /* UIKit.framework */; };
		773E533819C8215E003C1569 /* InfoPlist.strings in Resources */ = {isa = PBXBuildFile; fileRef = 773E533619C8215E003C1569 /* InfoPlist.strings */; };
		773E533A19C8215E003C1569 /* Constructing_Collection_ViewsTests.m in Sources */ = {isa = PBXBuildFile; fileRef = 773E533919C8215E003C1569 /* Constructing_Collection_ViewsTests.m */; };
		773E534519C82191003C1569 /* ViewController.m in Sources */ = {isa = PBXBuildFile; fileRef = 773E534419C82191003C1569 /* ViewController.m */; };
/* End PBXBuildFile section */

/* Begin PBXContainerItemProxy section */
		773E533119C8215E003C1569 /* PBXContainerItemProxy */ = {
			isa = PBXContainerItemProxy;
			containerPortal = 773E530919C8215D003C1569 /* Project object */;
			proxyType = 1;
			remoteGlobalIDString = 773E531019C8215E003C1569;
			remoteInfo = "Constructing Collection Views";
		};
/* End PBXContainerItemProxy section */

/* Begin PBXFileReference section */
		773E531119C8215E003C1569 /* Constructing Collection Views.app */ = {isa = PBXFileReference; explicitFileType = wrapper.application; includeInIndex = 0; path = "Constructing Collection Views.app"; sourceTree = BUILT_PRODUCTS_DIR; };
		773E531419C8215E003C1569 /* Foundation.framework */ = {isa = PBXFileReference; lastKnownFileType = wrapper.framework; name = Foundation.framework; path = System/Library/Frameworks/Foundation.framework; sourceTree = SDKROOT; };
		773E531619C8215E003C1569 /* CoreGraphics.framework */ = {isa = PBXFileReference; lastKnownFileType = wrapper.framework; name = CoreGraphics.framework; path = System/Library/Frameworks/CoreGraphics.framework; sourceTree = SDKROOT; };
		773E531819C8215E003C1569 /* UIKit.framework */ = {isa = PBXFileReference; lastKnownFileType = wrapper.framework; name = UIKit.framework; path = System/Library/Frameworks/UIKit.framework; sourceTree = SDKROOT; };
		773E531C19C8215E003C1569 /* Constructing Collection Views-Info.plist */ = {isa = PBXFileReference; lastKnownFileType = text.plist.xml; path = "Constructing Collection Views-Info.plist"; sourceTree = "<group>"; };
		773E531E19C8215E003C1569 /* en */ = {isa = PBXFileReference; lastKnownFileType = text.plist.strings; name = en; path = en.lproj/InfoPlist.strings; sourceTree = "<group>"; };
		773E532019C8215E003C1569 /* main.m */ = {isa = PBXFileReference; lastKnownFileType = sourcecode.c.objc; path = main.m; sourceTree = "<group>"; };
		773E532219C8215E003C1569 /* Constructing Collection Views-Prefix.pch */ = {isa = PBXFileReference; lastKnownFileType = sourcecode.c.h; path = "Constructing Collection Views-Prefix.pch"; sourceTree = "<group>"; };
		773E532319C8215E003C1569 /* AppDelegate.h */ = {isa = PBXFileReference; lastKnownFileType = sourcecode.c.h; path = AppDelegate.h; sourceTree = "<group>"; };
		773E532419C8215E003C1569 /* AppDelegate.m */ = {isa = PBXFileReference; lastKnownFileType = sourcecode.c.objc; path = AppDelegate.m; sourceTree = "<group>"; };
		773E532619C8215E003C1569 /* Images.xcassets */ = {isa = PBXFileReference; lastKnownFileType = folder.assetcatalog; path = Images.xcassets; sourceTree = "<group>"; };
		773E532C19C8215E003C1569 /* Constructing Collection ViewsTests.xctest */ = {isa = PBXFileReference; explicitFileType = wrapper.cfbundle; includeInIndex = 0; path = "Constructing Collection ViewsTests.xctest"; sourceTree = BUILT_PRODUCTS_DIR; };
		773E532D19C8215E003C1569 /* XCTest.framework */ = {isa = PBXFileReference; lastKnownFileType = wrapper.framework; name = XCTest.framework; path = Library/Frameworks/XCTest.framework; sourceTree = DEVELOPER_DIR; };
		773E533519C8215E003C1569 /* Constructing Collection ViewsTests-Info.plist */ = {isa = PBXFileReference; lastKnownFileType = text.plist.xml; path = "Constructing Collection ViewsTests-Info.plist"; sourceTree = "<group>"; };
		773E533719C8215E003C1569 /* en */ = {isa = PBXFileReference; lastKnownFileType = text.plist.strings; name = en; path = en.lproj/InfoPlist.strings; sourceTree = "<group>"; };
		773E533919C8215E003C1569 /* Constructing_Collection_ViewsTests.m */ = {isa = PBXFileReference; lastKnownFileType = sourcecode.c.objc; path = Constructing_Collection_ViewsTests.m; sourceTree = "<group>"; };
		773E534319C82191003C1569 /* ViewController.h */ = {isa = PBXFileReference; fileEncoding = 4; lastKnownFileType = sourcecode.c.h; path = ViewController.h; sourceTree = "<group>"; };
		773E534419C82191003C1569 /* ViewController.m */ = {isa = PBXFileReference; fileEncoding = 4; lastKnownFileType = sourcecode.c.objc; path = ViewController.m; sourceTree = "<group>"; };
/* End PBXFileReference section */

/* Begin PBXFrameworksBuildPhase section */
		773E530E19C8215E003C1569 /* Frameworks */ = {
			isa = PBXFrameworksBuildPhase;
			buildActionMask = 2147483647;
			files = (
				773E531719C8215E003C1569 /* CoreGraphics.framework in Frameworks */,
				773E531919C8215E003C1569 /* UIKit.framework in Frameworks */,
				773E531519C8215E003C1569 /* Foundation.framework in Frameworks */,
			);
			runOnlyForDeploymentPostprocessing = 0;
		};
		773E532919C8215E003C1569 /* Frameworks */ = {
			isa = PBXFrameworksBuildPhase;
			buildActionMask = 2147483647;
			files = (
				773E532E19C8215E003C1569 /* XCTest.framework in Frameworks */,
				773E533019C8215E003C1569 /* UIKit.framework in Frameworks */,
				773E532F19C8215E003C1569 /* Foundation.framework in Frameworks */,
			);
			runOnlyForDeploymentPostprocessing = 0;
		};
/* End PBXFrameworksBuildPhase section */

/* Begin PBXGroup section */
		773E530819C8215D003C1569 = {
			isa = PBXGroup;
			children = (
				773E531A19C8215E003C1569 /* Constructing Collection Views */,
				773E533319C8215E003C1569 /* Constructing Collection ViewsTests */,
				773E531319C8215E003C1569 /* Frameworks */,
				773E531219C8215E003C1569 /* Products */,
			);
			sourceTree = "<group>";
		};
		773E531219C8215E003C1569 /* Products */ = {
			isa = PBXGroup;
			children = (
				773E531119C8215E003C1569 /* Constructing Collection Views.app */,
				773E532C19C8215E003C1569 /* Constructing Collection ViewsTests.xctest */,
			);
			name = Products;
			sourceTree = "<group>";
		};
		773E531319C8215E003C1569 /* Frameworks */ = {
			isa = PBXGroup;
			children = (
				773E531419C8215E003C1569 /* Foundation.framework */,
				773E531619C8215E003C1569 /* CoreGraphics.framework */,
				773E531819C8215E003C1569 /* UIKit.framework */,
				773E532D19C8215E003C1569 /* XCTest.framework */,
			);
			name = Frameworks;
			sourceTree = "<group>";
		};
		773E531A19C8215E003C1569 /* Constructing Collection Views */ = {
			isa = PBXGroup;
			children = (
				773E532319C8215E003C1569 /* AppDelegate.h */,
				773E532419C8215E003C1569 /* AppDelegate.m */,
				773E532619C8215E003C1569 /* Images.xcassets */,
				773E531B19C8215E003C1569 /* Supporting Files */,
				773E534319C82191003C1569 /* ViewController.h */,
				773E534419C82191003C1569 /* ViewController.m */,
			);
			path = "Constructing Collection Views";
			sourceTree = "<group>";
		};
		773E531B19C8215E003C1569 /* Supporting Files */ = {
			isa = PBXGroup;
			children = (
				773E531C19C8215E003C1569 /* Constructing Collection Views-Info.plist */,
				773E531D19C8215E003C1569 /* InfoPlist.strings */,
				773E532019C8215E003C1569 /* main.m */,
				773E532219C8215E003C1569 /* Constructing Collection Views-Prefix.pch */,
			);
			name = "Supporting Files";
			sourceTree = "<group>";
		};
		773E533319C8215E003C1569 /* Constructing Collection ViewsTests */ = {
			isa = PBXGroup;
			children = (
				773E533919C8215E003C1569 /* Constructing_Collection_ViewsTests.m */,
				773E533419C8215E003C1569 /* Supporting Files */,
			);
			path = "Constructing Collection ViewsTests";
			sourceTree = "<group>";
		};
		773E533419C8215E003C1569 /* Supporting Files */ = {
			isa = PBXGroup;
			children = (
				773E533519C8215E003C1569 /* Constructing Collection ViewsTests-Info.plist */,
				773E533619C8215E003C1569 /* InfoPlist.strings */,
			);
			name = "Supporting Files";
			sourceTree = "<group>";
		};
/* End PBXGroup section */

/* Begin PBXNativeTarget section */
		773E531019C8215E003C1569 /* Constructing Collection Views */ = {
			isa = PBXNativeTarget;
			buildConfigurationList = 773E533D19C8215E003C1569 /* Build configuration list for PBXNativeTarget "Constructing Collection Views" */;
			buildPhases = (
				773E530D19C8215E003C1569 /* Sources */,
				773E530E19C8215E003C1569 /* Frameworks */,
				773E530F19C8215E003C1569 /* Resources */,
			);
			buildRules = (
			);
			dependencies = (
			);
			name = "Constructing Collection Views";
			productName = "Constructing Collection Views";
			productReference = 773E531119C8215E003C1569 /* Constructing Collection Views.app */;
			productType = "com.apple.product-type.application";
		};
		773E532B19C8215E003C1569 /* Constructing Collection ViewsTests */ = {
			isa = PBXNativeTarget;
			buildConfigurationList = 773E534019C8215E003C1569 /* Build configuration list for PBXNativeTarget "Constructing Collection ViewsTests" */;
			buildPhases = (
				773E532819C8215E003C1569 /* Sources */,
				773E532919C8215E003C1569 /* Frameworks */,
				773E532A19C8215E003C1569 /* Resources */,
			);
			buildRules = (
			);
			dependencies = (
				773E533219C8215E003C1569 /* PBXTargetDependency */,
			);
			name = "Constructing Collection ViewsTests";
			productName = "Constructing Collection ViewsTests";
			productReference = 773E532C19C8215E003C1569 /* Constructing Collection ViewsTests.xctest */;
			productType = "com.apple.product-type.bundle.unit-test";
		};
/* End PBXNativeTarget section */

/* Begin PBXProject section */
		773E530919C8215D003C1569 /* Project object */ = {
			isa = PBXProject;
			attributes = {
				LastUpgradeCheck = 0510;
				ORGANIZATIONNAME = "___Test___";
				TargetAttributes = {
					773E532B19C8215E003C1569 = {
						TestTargetID = 773E531019C8215E003C1569;
					};
				};
			};
			buildConfigurationList = 773E530C19C8215D003C1569 /* Build configuration list for PBXProject "Constructing Collection Views" */;
			compatibilityVersion = "Xcode 3.2";
			developmentRegion = English;
			hasScannedForEncodings = 0;
			knownRegions = (
				en,
			);
			mainGroup = 773E530819C8215D003C1569;
			productRefGroup = 773E531219C8215E003C1569 /* Products */;
			projectDirPath = "";
			projectRoot = "";
			targets = (
				773E531019C8215E003C1569 /* Constructing Collection Views */,
				773E532B19C8215E003C1569 /* Constructing Collection ViewsTests */,
			);
		};
/* End PBXProject section */

/* Begin PBXResourcesBuildPhase section */
		773E530F19C8215E003C1569 /* Resources */ = {
			isa = PBXResourcesBuildPhase;
			buildActionMask = 2147483647;
			files = (
				773E531F19C8215E003C1569 /* InfoPlist.strings in Resources */,
				773E532719C8215E003C1569 /* Images.xcassets in Resources */,
			);
			runOnlyForDeploymentPostprocessing = 0;
		};
		773E532A19C8215E003C1569 /* Resources */ = {
			isa = PBXResourcesBuildPhase;
			buildActionMask = 2147483647;
			files = (
				773E533819C8215E003C1569 /* InfoPlist.strings in Resources */,
			);
			runOnlyForDeploymentPostprocessing = 0;
		};
/* End PBXResourcesBuildPhase section */

/* Begin PBXSourcesBuildPhase section */
		773E530D19C8215E003C1569 /* Sources */ = {
			isa = PBXSourcesBuildPhase;
			buildActionMask = 2147483647;
			files = (
				773E534519C82191003C1569 /* ViewController.m in Sources */,
				773E532519C8215E003C1569 /* AppDelegate.m in Sources */,
				773E532119C8215E003C1569 /* main.m in Sources */,
			);
			runOnlyForDeploymentPostprocessing = 0;
		};
		773E532819C8215E003C1569 /* Sources */ = {
			isa = PBXSourcesBuildPhase;
			buildActionMask = 2147483647;
			files = (
				773E533A19C8215E003C1569 /* Constructing_Collection_ViewsTests.m in Sources */,
			);
			runOnlyForDeploymentPostprocessing = 0;
		};
/* End PBXSourcesBuildPhase section */

/* Begin PBXTargetDependency section */
		773E533219C8215E003C1569 /* PBXTargetDependency */ = {
			isa = PBXTargetDependency;
			target = 773E531019C8215E003C1569 /* Constructing Collection Views */;
			targetProxy = 773E533119C8215E003C1569 /* PBXContainerItemProxy */;
		};
/* End PBXTargetDependency section */

/* Begin PBXVariantGroup section */
		773E531D19C8215E003C1569 /* InfoPlist.strings */ = {
			isa = PBXVariantGroup;
			children = (
				773E531E19C8215E003C1569 /* en */,
			);
			name = InfoPlist.strings;
			sourceTree = "<group>";
		};
		773E533619C8215E003C1569 /* InfoPlist.strings */ = {
			isa = PBXVariantGroup;
			children = (
				773E533719C8215E003C1569 /* en */,
			);
			name = InfoPlist.strings;
			sourceTree = "<group>";
		};
/* End PBXVariantGroup section */

/* Begin XCBuildConfiguration section */
		773E533B19C8215E003C1569 /* Debug */ = {
			isa = XCBuildConfiguration;
			buildSettings = {
				ALWAYS_SEARCH_USER_PATHS = NO;
				CLANG_CXX_LANGUAGE_STANDARD = "gnu++0x";
				CLANG_CXX_LIBRARY = "libc++";
				CLANG_ENABLE_MODULES = YES;
				CLANG_ENABLE_OBJC_ARC = YES;
				CLANG_WARN_BOOL_CONVERSION = YES;
				CLANG_WARN_CONSTANT_CONVERSION = YES;
				CLANG_WARN_DIRECT_OBJC_ISA_USAGE = YES_ERROR;
				CLANG_WARN_EMPTY_BODY = YES;
				CLANG_WARN_ENUM_CONVERSION = YES;
				CLANG_WARN_INT_CONVERSION = YES;
				CLANG_WARN_OBJC_ROOT_CLASS = YES_ERROR;
				CLANG_WARN__DUPLICATE_METHOD_MATCH = YES;
				"CODE_SIGN_IDENTITY[sdk=iphoneos*]" = "iPhone Developer";
				COPY_PHASE_STRIP = NO;
				GCC_C_LANGUAGE_STANDARD = gnu99;
				GCC_DYNAMIC_NO_PIC = NO;
				GCC_OPTIMIZATION_LEVEL = 0;
				GCC_PREPROCESSOR_DEFINITIONS = (
					"DEBUG=1",
					"$(inherited)",
				);
				GCC_SYMBOLS_PRIVATE_EXTERN = NO;
				GCC_WARN_64_TO_32_BIT_CONVERSION = YES;
				GCC_WARN_ABOUT_RETURN_TYPE = YES_ERROR;
				GCC_WARN_UNDECLARED_SELECTOR = YES;
				GCC_WARN_UNINITIALIZED_AUTOS = YES_AGGRESSIVE;
				GCC_WARN_UNUSED_FUNCTION = YES;
				GCC_WARN_UNUSED_VARIABLE = YES;
				IPHONEOS_DEPLOYMENT_TARGET = 7.1;
				ONLY_ACTIVE_ARCH = YES;
				SDKROOT = iphoneos;
				TARGETED_DEVICE_FAMILY = "1,2";
			};
			name = Debug;
		};
		773E533C19C8215E003C1569 /* Release */ = {
			isa = XCBuildConfiguration;
			buildSettings = {
				ALWAYS_SEARCH_USER_PATHS = NO;
				CLANG_CXX_LANGUAGE_STANDARD = "gnu++0x";
				CLANG_CXX_LIBRARY = "libc++";
				CLANG_ENABLE_MODULES = YES;
				CLANG_ENABLE_OBJC_ARC = YES;
				CLANG_WARN_BOOL_CONVERSION = YES;
				CLANG_WARN_CONSTANT_CONVERSION = YES;
				CLANG_WARN_DIRECT_OBJC_ISA_USAGE = YES_ERROR;
				CLANG_WARN_EMPTY_BODY = YES;
				CLANG_WARN_ENUM_CONVERSION = YES;
				CLANG_WARN_INT_CONVERSION = YES;
				CLANG_WARN_OBJC_ROOT_CLASS = YES_ERROR;
				CLANG_WARN__DUPLICATE_METHOD_MATCH = YES;
				"CODE_SIGN_IDENTITY[sdk=iphoneos*]" = "iPhone Developer";
				COPY_PHASE_STRIP = YES;
				ENABLE_NS_ASSERTIONS = NO;
				GCC_C_LANGUAGE_STANDARD = gnu99;
				GCC_WARN_64_TO_32_BIT_CONVERSION = YES;
				GCC_WARN_ABOUT_RETURN_TYPE = YES_ERROR;
				GCC_WARN_UNDECLARED_SELECTOR = YES;
				GCC_WARN_UNINITIALIZED_AUTOS = YES_AGGRESSIVE;
				GCC_WARN_UNUSED_FUNCTION = YES;
				GCC_WARN_UNUSED_VARIABLE = YES;
				IPHONEOS_DEPLOYMENT_TARGET = 7.1;
				SDKROOT = iphoneos;
				TARGETED_DEVICE_FAMILY = "1,2";
				VALIDATE_PRODUCT = YES;
			};
			name = Release;
		};
		773E533E19C8215E003C1569 /* Debug */ = {
			isa = XCBuildConfiguration;
			buildSettings = {
				ASSETCATALOG_COMPILER_APPICON_NAME = AppIcon;
				ASSETCATALOG_COMPILER_LAUNCHIMAGE_NAME = LaunchImage;
				GCC_PRECOMPILE_PREFIX_HEADER = YES;
				GCC_PREFIX_HEADER = "Constructing Collection Views/Constructing Collection Views-Prefix.pch";
				INFOPLIST_FILE = "Constructing Collection Views/Constructing Collection Views-Info.plist";
				PRODUCT_NAME = "$(TARGET_NAME)";
				WRAPPER_EXTENSION = app;
			};
			name = Debug;
		};
		773E533F19C8215E003C1569 /* Release */ = {
			isa = XCBuildConfiguration;
			buildSettings = {
				ASSETCATALOG_COMPILER_APPICON_NAME = AppIcon;
				ASSETCATALOG_COMPILER_LAUNCHIMAGE_NAME = LaunchImage;
				GCC_PRECOMPILE_PREFIX_HEADER = YES;
				GCC_PREFIX_HEADER = "Constructing Collection Views/Constructing Collection Views-Prefix.pch";
				INFOPLIST_FILE = "Constructing Collection Views/Constructing Collection Views-Info.plist";
				PRODUCT_NAME = "$(TARGET_NAME)";
				WRAPPER_EXTENSION = app;
			};
			name = Release;
		};
		773E534119C8215E003C1569 /* Debug */ = {
			isa = XCBuildConfiguration;
			buildSettings = {
				BUNDLE_LOADER = "$(BUILT_PRODUCTS_DIR)/Constructing Collection Views.app/Constructing Collection Views";
				FRAMEWORK_SEARCH_PATHS = (
					"$(SDKROOT)/Developer/Library/Frameworks",
					"$(inherited)",
					"$(DEVELOPER_FRAMEWORKS_DIR)",
				);
				GCC_PRECOMPILE_PREFIX_HEADER = YES;
				GCC_PREFIX_HEADER = "Constructing Collection Views/Constructing Collection Views-Prefix.pch";
				GCC_PREPROCESSOR_DEFINITIONS = (
					"DEBUG=1",
					"$(inherited)",
				);
				INFOPLIST_FILE = "Constructing Collection ViewsTests/Constructing Collection ViewsTests-Info.plist";
				PRODUCT_NAME = "$(TARGET_NAME)";
				TEST_HOST = "$(BUNDLE_LOADER)";
				WRAPPER_EXTENSION = xctest;
			};
			name = Debug;
		};
		773E534219C8215E003C1569 /* Release */ = {
			isa = XCBuildConfiguration;
			buildSettings = {
				BUNDLE_LOADER = "$(BUILT_PRODUCTS_DIR)/Constructing Collection Views.app/Constructing Collection Views";
				FRAMEWORK_SEARCH_PATHS = (
					"$(SDKROOT)/Developer/Library/Frameworks",
					"$(inherited)",
					"$(DEVELOPER_FRAMEWORKS_DIR)",
				);
				GCC_PRECOMPILE_PREFIX_HEADER = YES;
				GCC_PREFIX_HEADER = "Constructing Collection Views/Constructing Collection Views-Prefix.pch";
				INFOPLIST_FILE = "Constructing Collection ViewsTests/Constructing Collection ViewsTests-Info.plist";
				PRODUCT_NAME = "$(TARGET_NAME)";
				TEST_HOST = "$(BUNDLE_LOADER)";
				WRAPPER_EXTENSION = xctest;
			};
			name = Release;
		};
/* End XCBuildConfiguration section */

/* Begin XCConfigurationList section */
		773E530C19C8215D003C1569 /* Build configuration list for PBXProject "Constructing Collection Views" */ = {
			isa = XCConfigurationList;
			buildConfigurations = (
				773E533B19C8215E003C1569 /* Debug */,
				773E533C19C8215E003C1569 /* Release */,
			);
			defaultConfigurationIsVisible = 0;
			defaultConfigurationName = Release;
		};
		773E533D19C8215E003C1569 /* Build configuration list for PBXNativeTarget "Constructing Collection Views" */ = {
			isa = XCConfigurationList;
			buildConfigurations = (
				773E533E19C8215E003C1569 /* Debug */,
				773E533F19C8215E003C1569 /* Release */,
			);
			defaultConfigurationIsVisible = 0;
		};
		773E534019C8215E003C1569 /* Build configuration list for PBXNativeTarget "Constructing Collection ViewsTests" */ = {
			isa = XCConfigurationList;
			buildConfigurations = (
				773E534119C8215E003C1569 /* Debug */,
				773E534219C8215E003C1569 /* Release */,
			);
			defaultConfigurationIsVisible = 0;
		};
/* End XCConfigurationList section */
	};
	rootObject = 773E530919C8215D003C1569 /* Project object */;
}
