// !$*UTF8*$!
{
	archiveVersion = 1;
	classes = {
	};
	objectVersion = 46;
	objects = {

/* Begin PBXBuildFile section */
		77A15A9719BEED5A0000E423 /* Foundation.framework in Frameworks */ = {isa = PBXBuildFile; fileRef = 77A15A9619BEED5A0000E423 /* Foundation.framework */; };
		77A15A9919BEED5A0000E423 /* CoreGraphics.framework in Frameworks */ = {isa = PBXBuildFile; fileRef = 77A15A9819BEED5A0000E423 /* CoreGraphics.framework */; };
		77A15A9B19BEED5A0000E423 /* UIKit.framework in Frameworks */ = {isa = PBXBuildFile; fileRef = 77A15A9A19BEED5A0000E423 /* UIKit.framework */; };
		77A15AA119BEED5A0000E423 /* InfoPlist.strings in Resources */ = {isa = PBXBuildFile; fileRef = 77A15A9F19BEED5A0000E423 /* InfoPlist.strings */; };
		77A15AA319BEED5A0000E423 /* main.m in Sources */ = {isa = PBXBuildFile; fileRef = 77A15AA219BEED5A0000E423 /* main.m */; };
		77A15AA719BEED5B0000E423 /* AppDelegate.m in Sources */ = {isa = PBXBuildFile; fileRef = 77A15AA619BEED5B0000E423 /* AppDelegate.m */; };
		77A15AAA19BEED5B0000E423 /* Main_iPhone.storyboard in Resources */ = {isa = PBXBuildFile; fileRef = 77A15AA819BEED5B0000E423 /* Main_iPhone.storyboard */; };
		77A15AAD19BEED5B0000E423 /* Main_iPad.storyboard in Resources */ = {isa = PBXBuildFile; fileRef = 77A15AAB19BEED5B0000E423 /* Main_iPad.storyboard */; };
		77A15AB019BEED5B0000E423 /* ViewController.m in Sources */ = {isa = PBXBuildFile; fileRef = 77A15AAF19BEED5B0000E423 /* ViewController.m */; };
		77A15AB219BEED5B0000E423 /* Images.xcassets in Resources */ = {isa = PBXBuildFile; fileRef = 77A15AB119BEED5B0000E423 /* Images.xcassets */; };
		77A15AB919BEED5B0000E423 /* XCTest.framework in Frameworks */ = {isa = PBXBuildFile; fileRef = 77A15AB819BEED5B0000E423 /* XCTest.framework */; };
		77A15ABA19BEED5B0000E423 /* Foundation.framework in Frameworks */ = {isa = PBXBuildFile; fileRef = 77A15A9619BEED5A0000E423 /* Foundation.framework */; };
		77A15ABB19BEED5B0000E423 /* UIKit.framework in Frameworks */ = {isa = PBXBuildFile; fileRef = 77A15A9A19BEED5A0000E423 /* UIKit.framework */; };
		77A15AC319BEED5B0000E423 /* InfoPlist.strings in Resources */ = {isa = PBXBuildFile; fileRef = 77A15AC119BEED5B0000E423 /* InfoPlist.strings */; };
		77A15AC519BEED5B0000E423 /* ProgressViewTests.m in Sources */ = {isa = PBXBuildFile; fileRef = 77A15AC419BEED5B0000E423 /* ProgressViewTests.m */; };
/* End PBXBuildFile section */

/* Begin PBXContainerItemProxy section */
		77A15ABC19BEED5B0000E423 /* PBXContainerItemProxy */ = {
			isa = PBXContainerItemProxy;
			containerPortal = 77A15A8B19BEED5A0000E423 /* Project object */;
			proxyType = 1;
			remoteGlobalIDString = 77A15A9219BEED5A0000E423;
			remoteInfo = ProgressView;
		};
/* End PBXContainerItemProxy section */

/* Begin PBXFileReference section */
		77A15A9319BEED5A0000E423 /* ProgressView.app */ = {isa = PBXFileReference; explicitFileType = wrapper.application; includeInIndex = 0; path = ProgressView.app; sourceTree = BUILT_PRODUCTS_DIR; };
		77A15A9619BEED5A0000E423 /* Foundation.framework */ = {isa = PBXFileReference; lastKnownFileType = wrapper.framework; name = Foundation.framework; path = System/Library/Frameworks/Foundation.framework; sourceTree = SDKROOT; };
		77A15A9819BEED5A0000E423 /* CoreGraphics.framework */ = {isa = PBXFileReference; lastKnownFileType = wrapper.framework; name = CoreGraphics.framework; path = System/Library/Frameworks/CoreGraphics.framework; sourceTree = SDKROOT; };
		77A15A9A19BEED5A0000E423 /* UIKit.framework */ = {isa = PBXFileReference; lastKnownFileType = wrapper.framework; name = UIKit.framework; path = System/Library/Frameworks/UIKit.framework; sourceTree = SDKROOT; };
		77A15A9E19BEED5A0000E423 /* ProgressView-Info.plist */ = {isa = PBXFileReference; lastKnownFileType = text.plist.xml; path = "ProgressView-Info.plist"; sourceTree = "<group>"; };
		77A15AA019BEED5A0000E423 /* en */ = {isa = PBXFileReference; lastKnownFileType = text.plist.strings; name = en; path = en.lproj/InfoPlist.strings; sourceTree = "<group>"; };
		77A15AA219BEED5A0000E423 /* main.m */ = {isa = PBXFileReference; lastKnownFileType = sourcecode.c.objc; path = main.m; sourceTree = "<group>"; };
		77A15AA419BEED5A0000E423 /* ProgressView-Prefix.pch */ = {isa = PBXFileReference; lastKnownFileType = sourcecode.c.h; path = "ProgressView-Prefix.pch"; sourceTree = "<group>"; };
		77A15AA519BEED5B0000E423 /* AppDelegate.h */ = {isa = PBXFileReference; lastKnownFileType = sourcecode.c.h; path = AppDelegate.h; sourceTree = "<group>"; };
		77A15AA619BEED5B0000E423 /* AppDelegate.m */ = {isa = PBXFileReference; lastKnownFileType = sourcecode.c.objc; path = AppDelegate.m; sourceTree = "<group>"; };
		77A15AA919BEED5B0000E423 /* Base */ = {isa = PBXFileReference; lastKnownFileType = file.storyboard; name = Base; path = Base.lproj/Main_iPhone.storyboard; sourceTree = "<group>"; };
		77A15AAC19BEED5B0000E423 /* Base */ = {isa = PBXFileReference; lastKnownFileType = file.storyboard; name = Base; path = Base.lproj/Main_iPad.storyboard; sourceTree = "<group>"; };
		77A15AAE19BEED5B0000E423 /* ViewController.h */ = {isa = PBXFileReference; lastKnownFileType = sourcecode.c.h; path = ViewController.h; sourceTree = "<group>"; };
		77A15AAF19BEED5B0000E423 /* ViewController.m */ = {isa = PBXFileReference; lastKnownFileType = sourcecode.c.objc; path = ViewController.m; sourceTree = "<group>"; };
		77A15AB119BEED5B0000E423 /* Images.xcassets */ = {isa = PBXFileReference; lastKnownFileType = folder.assetcatalog; path = Images.xcassets; sourceTree = "<group>"; };
		77A15AB719BEED5B0000E423 /* ProgressViewTests.xctest */ = {isa = PBXFileReference; explicitFileType = wrapper.cfbundle; includeInIndex = 0; path = ProgressViewTests.xctest; sourceTree = BUILT_PRODUCTS_DIR; };
		77A15AB819BEED5B0000E423 /* XCTest.framework */ = {isa = PBXFileReference; lastKnownFileType = wrapper.framework; name = XCTest.framework; path = Library/Frameworks/XCTest.framework; sourceTree = DEVELOPER_DIR; };
		77A15AC019BEED5B0000E423 /* ProgressViewTests-Info.plist */ = {isa = PBXFileReference; lastKnownFileType = text.plist.xml; path = "ProgressViewTests-Info.plist"; sourceTree = "<group>"; };
		77A15AC219BEED5B0000E423 /* en */ = {isa = PBXFileReference; lastKnownFileType = text.plist.strings; name = en; path = en.lproj/InfoPlist.strings; sourceTree = "<group>"; };
		77A15AC419BEED5B0000E423 /* ProgressViewTests.m */ = {isa = PBXFileReference; lastKnownFileType = sourcecode.c.objc; path = ProgressViewTests.m; sourceTree = "<group>"; };
/* End PBXFileReference section */

/* Begin PBXFrameworksBuildPhase section */
		77A15A9019BEED5A0000E423 /* Frameworks */ = {
			isa = PBXFrameworksBuildPhase;
			buildActionMask = 2147483647;
			files = (
				77A15A9919BEED5A0000E423 /* CoreGraphics.framework in Frameworks */,
				77A15A9B19BEED5A0000E423 /* UIKit.framework in Frameworks */,
				77A15A9719BEED5A0000E423 /* Foundation.framework in Frameworks */,
			);
			runOnlyForDeploymentPostprocessing = 0;
		};
		77A15AB419BEED5B0000E423 /* Frameworks */ = {
			isa = PBXFrameworksBuildPhase;
			buildActionMask = 2147483647;
			files = (
				77A15AB919BEED5B0000E423 /* XCTest.framework in Frameworks */,
				77A15ABB19BEED5B0000E423 /* UIKit.framework in Frameworks */,
				77A15ABA19BEED5B0000E423 /* Foundation.framework in Frameworks */,
			);
			runOnlyForDeploymentPostprocessing = 0;
		};
/* End PBXFrameworksBuildPhase section */

/* Begin PBXGroup section */
		77A15A8A19BEED5A0000E423 = {
			isa = PBXGroup;
			children = (
				77A15A9C19BEED5A0000E423 /* ProgressView */,
				77A15ABE19BEED5B0000E423 /* ProgressViewTests */,
				77A15A9519BEED5A0000E423 /* Frameworks */,
				77A15A9419BEED5A0000E423 /* Products */,
			);
			sourceTree = "<group>";
		};
		77A15A9419BEED5A0000E423 /* Products */ = {
			isa = PBXGroup;
			children = (
				77A15A9319BEED5A0000E423 /* ProgressView.app */,
				77A15AB719BEED5B0000E423 /* ProgressViewTests.xctest */,
			);
			name = Products;
			sourceTree = "<group>";
		};
		77A15A9519BEED5A0000E423 /* Frameworks */ = {
			isa = PBXGroup;
			children = (
				77A15A9619BEED5A0000E423 /* Foundation.framework */,
				77A15A9819BEED5A0000E423 /* CoreGraphics.framework */,
				77A15A9A19BEED5A0000E423 /* UIKit.framework */,
				77A15AB819BEED5B0000E423 /* XCTest.framework */,
			);
			name = Frameworks;
			sourceTree = "<group>";
		};
		77A15A9C19BEED5A0000E423 /* ProgressView */ = {
			isa = PBXGroup;
			children = (
				77A15AA519BEED5B0000E423 /* AppDelegate.h */,
				77A15AA619BEED5B0000E423 /* AppDelegate.m */,
				77A15AA819BEED5B0000E423 /* Main_iPhone.storyboard */,
				77A15AAB19BEED5B0000E423 /* Main_iPad.storyboard */,
				77A15AAE19BEED5B0000E423 /* ViewController.h */,
				77A15AAF19BEED5B0000E423 /* ViewController.m */,
				77A15AB119BEED5B0000E423 /* Images.xcassets */,
				77A15A9D19BEED5A0000E423 /* Supporting Files */,
			);
			path = ProgressView;
			sourceTree = "<group>";
		};
		77A15A9D19BEED5A0000E423 /* Supporting Files */ = {
			isa = PBXGroup;
			children = (
				77A15A9E19BEED5A0000E423 /* ProgressView-Info.plist */,
				77A15A9F19BEED5A0000E423 /* InfoPlist.strings */,
				77A15AA219BEED5A0000E423 /* main.m */,
				77A15AA419BEED5A0000E423 /* ProgressView-Prefix.pch */,
			);
			name = "Supporting Files";
			sourceTree = "<group>";
		};
		77A15ABE19BEED5B0000E423 /* ProgressViewTests */ = {
			isa = PBXGroup;
			children = (
				77A15AC419BEED5B0000E423 /* ProgressViewTests.m */,
				77A15ABF19BEED5B0000E423 /* Supporting Files */,
			);
			path = ProgressViewTests;
			sourceTree = "<group>";
		};
		77A15ABF19BEED5B0000E423 /* Supporting Files */ = {
			isa = PBXGroup;
			children = (
				77A15AC019BEED5B0000E423 /* ProgressViewTests-Info.plist */,
				77A15AC119BEED5B0000E423 /* InfoPlist.strings */,
			);
			name = "Supporting Files";
			sourceTree = "<group>";
		};
/* End PBXGroup section */

/* Begin PBXNativeTarget section */
		77A15A9219BEED5A0000E423 /* ProgressView */ = {
			isa = PBXNativeTarget;
			buildConfigurationList = 77A15AC819BEED5B0000E423 /* Build configuration list for PBXNativeTarget "ProgressView" */;
			buildPhases = (
				77A15A8F19BEED5A0000E423 /* Sources */,
				77A15A9019BEED5A0000E423 /* Frameworks */,
				77A15A9119BEED5A0000E423 /* Resources */,
			);
			buildRules = (
			);
			dependencies = (
			);
			name = ProgressView;
			productName = ProgressView;
			productReference = 77A15A9319BEED5A0000E423 /* ProgressView.app */;
			productType = "com.apple.product-type.application";
		};
		77A15AB619BEED5B0000E423 /* ProgressViewTests */ = {
			isa = PBXNativeTarget;
			buildConfigurationList = 77A15ACB19BEED5B0000E423 /* Build configuration list for PBXNativeTarget "ProgressViewTests" */;
			buildPhases = (
				77A15AB319BEED5B0000E423 /* Sources */,
				77A15AB419BEED5B0000E423 /* Frameworks */,
				77A15AB519BEED5B0000E423 /* Resources */,
			);
			buildRules = (
			);
			dependencies = (
				77A15ABD19BEED5B0000E423 /* PBXTargetDependency */,
			);
			name = ProgressViewTests;
			productName = ProgressViewTests;
			productReference = 77A15AB719BEED5B0000E423 /* ProgressViewTests.xctest */;
			productType = "com.apple.product-type.bundle.unit-test";
		};
/* End PBXNativeTarget section */

/* Begin PBXProject section */
		77A15A8B19BEED5A0000E423 /* Project object */ = {
			isa = PBXProject;
			attributes = {
				LastUpgradeCheck = 0510;
				ORGANIZATIONNAME = "___Test___";
				TargetAttributes = {
					77A15AB619BEED5B0000E423 = {
						TestTargetID = 77A15A9219BEED5A0000E423;
					};
				};
			};
			buildConfigurationList = 77A15A8E19BEED5A0000E423 /* Build configuration list for PBXProject "ProgressView" */;
			compatibilityVersion = "Xcode 3.2";
			developmentRegion = English;
			hasScannedForEncodings = 0;
			knownRegions = (
				en,
				Base,
			);
			mainGroup = 77A15A8A19BEED5A0000E423;
			productRefGroup = 77A15A9419BEED5A0000E423 /* Products */;
			projectDirPath = "";
			projectRoot = "";
			targets = (
				77A15A9219BEED5A0000E423 /* ProgressView */,
				77A15AB619BEED5B0000E423 /* ProgressViewTests */,
			);
		};
/* End PBXProject section */

/* Begin PBXResourcesBuildPhase section */
		77A15A9119BEED5A0000E423 /* Resources */ = {
			isa = PBXResourcesBuildPhase;
			buildActionMask = 2147483647;
			files = (
				77A15AAD19BEED5B0000E423 /* Main_iPad.storyboard in Resources */,
				77A15AB219BEED5B0000E423 /* Images.xcassets in Resources */,
				77A15AAA19BEED5B0000E423 /* Main_iPhone.storyboard in Resources */,
				77A15AA119BEED5A0000E423 /* InfoPlist.strings in Resources */,
			);
			runOnlyForDeploymentPostprocessing = 0;
		};
		77A15AB519BEED5B0000E423 /* Resources */ = {
			isa = PBXResourcesBuildPhase;
			buildActionMask = 2147483647;
			files = (
				77A15AC319BEED5B0000E423 /* InfoPlist.strings in Resources */,
			);
			runOnlyForDeploymentPostprocessing = 0;
		};
/* End PBXResourcesBuildPhase section */

/* Begin PBXSourcesBuildPhase section */
		77A15A8F19BEED5A0000E423 /* Sources */ = {
			isa = PBXSourcesBuildPhase;
			buildActionMask = 2147483647;
			files = (
				77A15AB019BEED5B0000E423 /* ViewController.m in Sources */,
				77A15AA719BEED5B0000E423 /* AppDelegate.m in Sources */,
				77A15AA319BEED5A0000E423 /* main.m in Sources */,
			);
			runOnlyForDeploymentPostprocessing = 0;
		};
		77A15AB319BEED5B0000E423 /* Sources */ = {
			isa = PBXSourcesBuildPhase;
			buildActionMask = 2147483647;
			files = (
				77A15AC519BEED5B0000E423 /* ProgressViewTests.m in Sources */,
			);
			runOnlyForDeploymentPostprocessing = 0;
		};
/* End PBXSourcesBuildPhase section */

/* Begin PBXTargetDependency section */
		77A15ABD19BEED5B0000E423 /* PBXTargetDependency */ = {
			isa = PBXTargetDependency;
			target = 77A15A9219BEED5A0000E423 /* ProgressView */;
			targetProxy = 77A15ABC19BEED5B0000E423 /* PBXContainerItemProxy */;
		};
/* End PBXTargetDependency section */

/* Begin PBXVariantGroup section */
		77A15A9F19BEED5A0000E423 /* InfoPlist.strings */ = {
			isa = PBXVariantGroup;
			children = (
				77A15AA019BEED5A0000E423 /* en */,
			);
			name = InfoPlist.strings;
			sourceTree = "<group>";
		};
		77A15AA819BEED5B0000E423 /* Main_iPhone.storyboard */ = {
			isa = PBXVariantGroup;
			children = (
				77A15AA919BEED5B0000E423 /* Base */,
			);
			name = Main_iPhone.storyboard;
			sourceTree = "<group>";
		};
		77A15AAB19BEED5B0000E423 /* Main_iPad.storyboard */ = {
			isa = PBXVariantGroup;
			children = (
				77A15AAC19BEED5B0000E423 /* Base */,
			);
			name = Main_iPad.storyboard;
			sourceTree = "<group>";
		};
		77A15AC119BEED5B0000E423 /* InfoPlist.strings */ = {
			isa = PBXVariantGroup;
			children = (
				77A15AC219BEED5B0000E423 /* en */,
			);
			name = InfoPlist.strings;
			sourceTree = "<group>";
		};
/* End PBXVariantGroup section */

/* Begin XCBuildConfiguration section */
		77A15AC619BEED5B0000E423 /* Debug */ = {
			isa = XCBuildConfiguration;
			buildSettings = {
				ALWAYS_SEARCH_USER_PATHS = NO;
				CLANG_CXX_LANGUAGE_STANDARD = "gnu++0x";
				CLANG_CXX_LIBRARY = "libc++";
				CLANG_ENABLE_MODULES = YES;
				CLANG_ENABLE_OBJC_ARC = YES;
				CLANG_WARN_BOOL_CONVERSION = YES;
				CLANG_WARN_CONSTANT_CONVERSION = YES;
				CLANG_WARN_DIRECT_OBJC_ISA_USAGE = YES_ERROR;
				CLANG_WARN_EMPTY_BODY = YES;
				CLANG_WARN_ENUM_CONVERSION = YES;
				CLANG_WARN_INT_CONVERSION = YES;
				CLANG_WARN_OBJC_ROOT_CLASS = YES_ERROR;
				CLANG_WARN__DUPLICATE_METHOD_MATCH = YES;
				"CODE_SIGN_IDENTITY[sdk=iphoneos*]" = "iPhone Developer";
				COPY_PHASE_STRIP = NO;
				GCC_C_LANGUAGE_STANDARD = gnu99;
				GCC_DYNAMIC_NO_PIC = NO;
				GCC_OPTIMIZATION_LEVEL = 0;
				GCC_PREPROCESSOR_DEFINITIONS = (
					"DEBUG=1",
					"$(inherited)",
				);
				GCC_SYMBOLS_PRIVATE_EXTERN = NO;
				GCC_WARN_64_TO_32_BIT_CONVERSION = YES;
				GCC_WARN_ABOUT_RETURN_TYPE = YES_ERROR;
				GCC_WARN_UNDECLARED_SELECTOR = YES;
				GCC_WARN_UNINITIALIZED_AUTOS = YES_AGGRESSIVE;
				GCC_WARN_UNUSED_FUNCTION = YES;
				GCC_WARN_UNUSED_VARIABLE = YES;
				IPHONEOS_DEPLOYMENT_TARGET = 7.1;
				ONLY_ACTIVE_ARCH = YES;
				SDKROOT = iphoneos;
				TARGETED_DEVICE_FAMILY = "1,2";
			};
			name = Debug;
		};
		77A15AC719BEED5B0000E423 /* Release */ = {
			isa = XCBuildConfiguration;
			buildSettings = {
				ALWAYS_SEARCH_USER_PATHS = NO;
				CLANG_CXX_LANGUAGE_STANDARD = "gnu++0x";
				CLANG_CXX_LIBRARY = "libc++";
				CLANG_ENABLE_MODULES = YES;
				CLANG_ENABLE_OBJC_ARC = YES;
				CLANG_WARN_BOOL_CONVERSION = YES;
				CLANG_WARN_CONSTANT_CONVERSION = YES;
				CLANG_WARN_DIRECT_OBJC_ISA_USAGE = YES_ERROR;
				CLANG_WARN_EMPTY_BODY = YES;
				CLANG_WARN_ENUM_CONVERSION = YES;
				CLANG_WARN_INT_CONVERSION = YES;
				CLANG_WARN_OBJC_ROOT_CLASS = YES_ERROR;
				CLANG_WARN__DUPLICATE_METHOD_MATCH = YES;
				"CODE_SIGN_IDENTITY[sdk=iphoneos*]" = "iPhone Developer";
				COPY_PHASE_STRIP = YES;
				ENABLE_NS_ASSERTIONS = NO;
				GCC_C_LANGUAGE_STANDARD = gnu99;
				GCC_WARN_64_TO_32_BIT_CONVERSION = YES;
				GCC_WARN_ABOUT_RETURN_TYPE = YES_ERROR;
				GCC_WARN_UNDECLARED_SELECTOR = YES;
				GCC_WARN_UNINITIALIZED_AUTOS = YES_AGGRESSIVE;
				GCC_WARN_UNUSED_FUNCTION = YES;
				GCC_WARN_UNUSED_VARIABLE = YES;
				IPHONEOS_DEPLOYMENT_TARGET = 7.1;
				SDKROOT = iphoneos;
				TARGETED_DEVICE_FAMILY = "1,2";
				VALIDATE_PRODUCT = YES;
			};
			name = Release;
		};
		77A15AC919BEED5B0000E423 /* Debug */ = {
			isa = XCBuildConfiguration;
			buildSettings = {
				ASSETCATALOG_COMPILER_APPICON_NAME = AppIcon;
				ASSETCATALOG_COMPILER_LAUNCHIMAGE_NAME = LaunchImage;
				GCC_PRECOMPILE_PREFIX_HEADER = YES;
				GCC_PREFIX_HEADER = "ProgressView/ProgressView-Prefix.pch";
				INFOPLIST_FILE = "ProgressView/ProgressView-Info.plist";
				PRODUCT_NAME = "$(TARGET_NAME)";
				WRAPPER_EXTENSION = app;
			};
			name = Debug;
		};
		77A15ACA19BEED5B0000E423 /* Release */ = {
			isa = XCBuildConfiguration;
			buildSettings = {
				ASSETCATALOG_COMPILER_APPICON_NAME = AppIcon;
				ASSETCATALOG_COMPILER_LAUNCHIMAGE_NAME = LaunchImage;
				GCC_PRECOMPILE_PREFIX_HEADER = YES;
				GCC_PREFIX_HEADER = "ProgressView/ProgressView-Prefix.pch";
				INFOPLIST_FILE = "ProgressView/ProgressView-Info.plist";
				PRODUCT_NAME = "$(TARGET_NAME)";
				WRAPPER_EXTENSION = app;
			};
			name = Release;
		};
		77A15ACC19BEED5B0000E423 /* Debug */ = {
			isa = XCBuildConfiguration;
			buildSettings = {
				BUNDLE_LOADER = "$(BUILT_PRODUCTS_DIR)/ProgressView.app/ProgressView";
				FRAMEWORK_SEARCH_PATHS = (
					"$(SDKROOT)/Developer/Library/Frameworks",
					"$(inherited)",
					"$(DEVELOPER_FRAMEWORKS_DIR)",
				);
				GCC_PRECOMPILE_PREFIX_HEADER = YES;
				GCC_PREFIX_HEADER = "ProgressView/ProgressView-Prefix.pch";
				GCC_PREPROCESSOR_DEFINITIONS = (
					"DEBUG=1",
					"$(inherited)",
				);
				INFOPLIST_FILE = "ProgressViewTests/ProgressViewTests-Info.plist";
				PRODUCT_NAME = "$(TARGET_NAME)";
				TEST_HOST = "$(BUNDLE_LOADER)";
				WRAPPER_EXTENSION = xctest;
			};
			name = Debug;
		};
		77A15ACD19BEED5B0000E423 /* Release */ = {
			isa = XCBuildConfiguration;
			buildSettings = {
				BUNDLE_LOADER = "$(BUILT_PRODUCTS_DIR)/ProgressView.app/ProgressView";
				FRAMEWORK_SEARCH_PATHS = (
					"$(SDKROOT)/Developer/Library/Frameworks",
					"$(inherited)",
					"$(DEVELOPER_FRAMEWORKS_DIR)",
				);
				GCC_PRECOMPILE_PREFIX_HEADER = YES;
				GCC_PREFIX_HEADER = "ProgressView/ProgressView-Prefix.pch";
				INFOPLIST_FILE = "ProgressViewTests/ProgressViewTests-Info.plist";
				PRODUCT_NAME = "$(TARGET_NAME)";
				TEST_HOST = "$(BUNDLE_LOADER)";
				WRAPPER_EXTENSION = xctest;
			};
			name = Release;
		};
/* End XCBuildConfiguration section */

/* Begin XCConfigurationList section */
		77A15A8E19BEED5A0000E423 /* Build configuration list for PBXProject "ProgressView" */ = {
			isa = XCConfigurationList;
			buildConfigurations = (
				77A15AC619BEED5B0000E423 /* Debug */,
				77A15AC719BEED5B0000E423 /* Release */,
			);
			defaultConfigurationIsVisible = 0;
			defaultConfigurationName = Release;
		};
		77A15AC819BEED5B0000E423 /* Build configuration list for PBXNativeTarget "ProgressView" */ = {
			isa = XCConfigurationList;
			buildConfigurations = (
				77A15AC919BEED5B0000E423 /* Debug */,
				77A15ACA19BEED5B0000E423 /* Release */,
			);
			defaultConfigurationIsVisible = 0;
		};
		77A15ACB19BEED5B0000E423 /* Build configuration list for PBXNativeTarget "ProgressViewTests" */ = {
			isa = XCConfigurationList;
			buildConfigurations = (
				77A15ACC19BEED5B0000E423 /* Debug */,
				77A15ACD19BEED5B0000E423 /* Release */,
			);
			defaultConfigurationIsVisible = 0;
		};
/* End XCConfigurationList section */
	};
	rootObject = 77A15A8B19BEED5A0000E423 /* Project object */;
}
